// !$*UTF8*$!
{
	archiveVersion = 1;
	classes = {
	};
	objectVersion = 56;
	objects = {

/* Begin PBXBuildFile section */
		7A0C223529B28A4C001C9A19 /* View.swift in Sources */ = {isa = PBXBuildFile; fileRef = 7A0C223429B28A4C001C9A19 /* View.swift */; };
		7A0C223829B29188001C9A19 /* CurveTabBar.swift in Sources */ = {isa = PBXBuildFile; fileRef = 7A0C223729B29188001C9A19 /* CurveTabBar.swift */; };
		7A0C223B29B29204001C9A19 /* TabItem.swift in Sources */ = {isa = PBXBuildFile; fileRef = 7A0C223A29B29204001C9A19 /* TabItem.swift */; };
		7A0C223D29B3F607001C9A19 /* Provider.swift in Sources */ = {isa = PBXBuildFile; fileRef = 7A0C223C29B3F607001C9A19 /* Provider.swift */; };
		7A0C224029B3F632001C9A19 /* Alamofire in Frameworks */ = {isa = PBXBuildFile; productRef = 7A0C223F29B3F632001C9A19 /* Alamofire */; };
		7A2F9C6329BDE9C900F1F7D7 /* Localizations+Generated.swift in Sources */ = {isa = PBXBuildFile; fileRef = 7A2F9C6229BDE9C900F1F7D7 /* Localizations+Generated.swift */; };
		7A2F9C6529BDE9D500F1F7D7 /* Image+Generated.swift in Sources */ = {isa = PBXBuildFile; fileRef = 7A2F9C6429BDE9D500F1F7D7 /* Image+Generated.swift */; };
		7A2F9C6729BDE9E500F1F7D7 /* Color+Generated.swift in Sources */ = {isa = PBXBuildFile; fileRef = 7A2F9C6629BDE9E500F1F7D7 /* Color+Generated.swift */; };
		7A2FC34B29BAAB3F00FB920D /* Image.stencil in Resources */ = {isa = PBXBuildFile; fileRef = 7A2FC34529BAAB3F00FB920D /* Image.stencil */; };
		7A2FC34D29BAAB3F00FB920D /* Color.stencil in Resources */ = {isa = PBXBuildFile; fileRef = 7A2FC34729BAAB3F00FB920D /* Color.stencil */; };
		7A2FC34F29BAAB3F00FB920D /* Localizations.stencil in Resources */ = {isa = PBXBuildFile; fileRef = 7A2FC34929BAAB3F00FB920D /* Localizations.stencil */; };
		7A2FC35029BAAB3F00FB920D /* swiftgen.yml in Resources */ = {isa = PBXBuildFile; fileRef = 7A2FC34A29BAAB3F00FB920D /* swiftgen.yml */; };
		7A2FC35629BAABFA00FB920D /* Colors.xcassets in Resources */ = {isa = PBXBuildFile; fileRef = 7A2FC35529BAABFA00FB920D /* Colors.xcassets */; };
		7A2FC35829BAB76700FB920D /* Localizations.plist in Resources */ = {isa = PBXBuildFile; fileRef = 7A2FC35A29BAB76700FB920D /* Localizations.plist */; };
		7A2FC35D29BAB97A00FB920D /* Assets+Generated.swift in Sources */ = {isa = PBXBuildFile; fileRef = 7A2FC35C29BAB97A00FB920D /* Assets+Generated.swift */; };
		7A323C9F299B940000E61906 /* Brawl_Stars_InsiderApp.swift in Sources */ = {isa = PBXBuildFile; fileRef = 7A323C9E299B940000E61906 /* Brawl_Stars_InsiderApp.swift */; };
		7A323CA1299B940000E61906 /* EventsView.swift in Sources */ = {isa = PBXBuildFile; fileRef = 7A323CA0299B940000E61906 /* EventsView.swift */; };
		7A323CA3299B940100E61906 /* Images.xcassets in Resources */ = {isa = PBXBuildFile; fileRef = 7A323CA2299B940100E61906 /* Images.xcassets */; };
		7A323CA6299B940100E61906 /* Preview Assets.xcassets in Resources */ = {isa = PBXBuildFile; fileRef = 7A323CA5299B940100E61906 /* Preview Assets.xcassets */; };
		7A323CB0299B940100E61906 /* Brawl_Stars_InsiderTests.swift in Sources */ = {isa = PBXBuildFile; fileRef = 7A323CAF299B940100E61906 /* Brawl_Stars_InsiderTests.swift */; };
		7A323CBA299B940100E61906 /* Brawl_Stars_InsiderUITests.swift in Sources */ = {isa = PBXBuildFile; fileRef = 7A323CB9299B940100E61906 /* Brawl_Stars_InsiderUITests.swift */; };
		7A323CBC299B940100E61906 /* Brawl_Stars_InsiderUITestsLaunchTests.swift in Sources */ = {isa = PBXBuildFile; fileRef = 7A323CBB299B940100E61906 /* Brawl_Stars_InsiderUITestsLaunchTests.swift */; };
		7A323CDB299BB30800E61906 /* Endpoint.swift in Sources */ = {isa = PBXBuildFile; fileRef = 7A323CDA299BB30800E61906 /* Endpoint.swift */; };
		7A323CE1299BB5E400E61906 /* Logger.swift in Sources */ = {isa = PBXBuildFile; fileRef = 7A323CE0299BB5E400E61906 /* Logger.swift */; };
		7A323CE4299BB61D00E61906 /* Data.swift in Sources */ = {isa = PBXBuildFile; fileRef = 7A323CE3299BB61D00E61906 /* Data.swift */; };
		7A323CF0299BD27300E61906 /* ListResponse.swift in Sources */ = {isa = PBXBuildFile; fileRef = 7A323CEF299BD27300E61906 /* ListResponse.swift */; };
		7A323CF2299BD55400E61906 /* JSONDecoder.swift in Sources */ = {isa = PBXBuildFile; fileRef = 7A323CF1299BD55400E61906 /* JSONDecoder.swift */; };
		7A323CF4299BD58400E61906 /* DateFormatter.swift in Sources */ = {isa = PBXBuildFile; fileRef = 7A323CF3299BD58400E61906 /* DateFormatter.swift */; };
		7A43C26E299E701000567700 /* BrawlifyEndpoint.swift in Sources */ = {isa = PBXBuildFile; fileRef = 7A43C26D299E701000567700 /* BrawlifyEndpoint.swift */; };
		7A43C271299E790100567700 /* PlayerIcon.swift in Sources */ = {isa = PBXBuildFile; fileRef = 7A43C270299E790100567700 /* PlayerIcon.swift */; };
		7A43C273299E790B00567700 /* ClubIcon.swift in Sources */ = {isa = PBXBuildFile; fileRef = 7A43C272299E790B00567700 /* ClubIcon.swift */; };
		7A43C275299E79FF00567700 /* GetIconsResponse.swift in Sources */ = {isa = PBXBuildFile; fileRef = 7A43C274299E79FF00567700 /* GetIconsResponse.swift */; };
		7A43C278299E8ECB00567700 /* Kingfisher in Frameworks */ = {isa = PBXBuildFile; productRef = 7A43C277299E8ECB00567700 /* Kingfisher */; };
		7A43C27B299EB07300567700 /* AppPath.swift in Sources */ = {isa = PBXBuildFile; fileRef = 7A43C27A299EB07300567700 /* AppPath.swift */; };
		7A43C27D299EB0CE00567700 /* Store.swift in Sources */ = {isa = PBXBuildFile; fileRef = 7A43C27C299EB0CE00567700 /* Store.swift */; };
		7A43C27F299EB12500567700 /* IconsRepository.swift in Sources */ = {isa = PBXBuildFile; fileRef = 7A43C27E299EB12500567700 /* IconsRepository.swift */; };
		7A43C281299EC1D800567700 /* GetEventsResponse.swift in Sources */ = {isa = PBXBuildFile; fileRef = 7A43C280299EC1D800567700 /* GetEventsResponse.swift */; };
		7A43C283299EC7C400567700 /* Stat.swift in Sources */ = {isa = PBXBuildFile; fileRef = 7A43C282299EC7C400567700 /* Stat.swift */; };
		7A43C286299EC7F100567700 /* GameMode.swift in Sources */ = {isa = PBXBuildFile; fileRef = 7A43C285299EC7F100567700 /* GameMode.swift */; };
		7A43C288299EC84800567700 /* Environment.swift in Sources */ = {isa = PBXBuildFile; fileRef = 7A43C287299EC84800567700 /* Environment.swift */; };
		7A43C28D299EC8D800567700 /* Map.swift in Sources */ = {isa = PBXBuildFile; fileRef = 7A43C28C299EC8D800567700 /* Map.swift */; };
		7A43C28F299ECB2000567700 /* Event.swift in Sources */ = {isa = PBXBuildFile; fileRef = 7A43C28E299ECB2000567700 /* Event.swift */; };
		7A43C291299ECB2D00567700 /* Slot.swift in Sources */ = {isa = PBXBuildFile; fileRef = 7A43C290299ECB2D00567700 /* Slot.swift */; };
		7A43C294299ECC1B00567700 /* EventsViewModel.swift in Sources */ = {isa = PBXBuildFile; fileRef = 7A43C293299ECC1B00567700 /* EventsViewModel.swift */; };
		7A43C296299ED12400567700 /* EventRow.swift in Sources */ = {isa = PBXBuildFile; fileRef = 7A43C295299ED12400567700 /* EventRow.swift */; };
		7A43C298299EF2AB00567700 /* Color.swift in Sources */ = {isa = PBXBuildFile; fileRef = 7A43C297299EF2AB00567700 /* Color.swift */; };
		7A43C29B299EFB9900567700 /* EventMock.swift in Sources */ = {isa = PBXBuildFile; fileRef = 7A43C29A299EFB9900567700 /* EventMock.swift */; };
		7A43C29D299EFC5C00567700 /* String.swift in Sources */ = {isa = PBXBuildFile; fileRef = 7A43C29C299EFC5C00567700 /* String.swift */; };
		7A43C2A8299FC35B00567700 /* BrawlerStatView.swift in Sources */ = {isa = PBXBuildFile; fileRef = 7A43C2A7299FC35B00567700 /* BrawlerStatView.swift */; };
		7A43C2AB299FC51E00567700 /* Brawler.swift in Sources */ = {isa = PBXBuildFile; fileRef = 7A43C2AA299FC51E00567700 /* Brawler.swift */; };
		7A43C2AD299FC53E00567700 /* BrawlerItem.swift in Sources */ = {isa = PBXBuildFile; fileRef = 7A43C2AC299FC53E00567700 /* BrawlerItem.swift */; };
		7A43C2AF299FC5BE00567700 /* BrawlerRarity.swift in Sources */ = {isa = PBXBuildFile; fileRef = 7A43C2AE299FC5BE00567700 /* BrawlerRarity.swift */; };
		7A43C2B1299FC5C700567700 /* BrawlerClass.swift in Sources */ = {isa = PBXBuildFile; fileRef = 7A43C2B0299FC5C700567700 /* BrawlerClass.swift */; };
		7A43C2B3299FC68000567700 /* BrawlerMock.swift in Sources */ = {isa = PBXBuildFile; fileRef = 7A43C2B2299FC68000567700 /* BrawlerMock.swift */; };
		7A43C2B5299FC6A900567700 /* Int.swift in Sources */ = {isa = PBXBuildFile; fileRef = 7A43C2B4299FC6A900567700 /* Int.swift */; };
		7A43C2B9299FC8B200567700 /* Icons.swift in Sources */ = {isa = PBXBuildFile; fileRef = 7A43C2B8299FC8B200567700 /* Icons.swift */; };
		7A43C2BB299FD16600567700 /* EventRowViewModel.swift in Sources */ = {isa = PBXBuildFile; fileRef = 7A43C2BA299FD16600567700 /* EventRowViewModel.swift */; };
		7A6A417529CCE5D100E4F28C /* DependencyProvider.swift in Sources */ = {isa = PBXBuildFile; fileRef = 7A6A417429CCE5D100E4F28C /* DependencyProvider.swift */; };
		7A6A417729CCE5E500E4F28C /* AppDependencyProvider.swift in Sources */ = {isa = PBXBuildFile; fileRef = 7A6A417629CCE5E500E4F28C /* AppDependencyProvider.swift */; };
		7A6A417929CCE5FF00E4F28C /* Dependency.swift in Sources */ = {isa = PBXBuildFile; fileRef = 7A6A417829CCE5FF00E4F28C /* Dependency.swift */; };
		7A6A417D29CCE7FC00E4F28C /* MockDependencyProvider.swift in Sources */ = {isa = PBXBuildFile; fileRef = 7A6A417C29CCE7FC00E4F28C /* MockDependencyProvider.swift */; };
		7A847E7F29D6F02B0049FE3D /* IconsRepositoryMock.swift in Sources */ = {isa = PBXBuildFile; fileRef = 7A847E7E29D6F02B0049FE3D /* IconsRepositoryMock.swift */; };
		7A847E8129D6F0550049FE3D /* PlayerIconMock.swift in Sources */ = {isa = PBXBuildFile; fileRef = 7A847E8029D6F0550049FE3D /* PlayerIconMock.swift */; };
		7A847E8329D6F0E90049FE3D /* URL.swift in Sources */ = {isa = PBXBuildFile; fileRef = 7A847E8229D6F0E90049FE3D /* URL.swift */; };
		7A847E8529D6F1DD0049FE3D /* ClubIconMock.swift in Sources */ = {isa = PBXBuildFile; fileRef = 7A847E8429D6F1DC0049FE3D /* ClubIconMock.swift */; };
		7A90CC6629BE212700716A3F /* BrawlersView.swift in Sources */ = {isa = PBXBuildFile; fileRef = 7A90CC6529BE212700716A3F /* BrawlersView.swift */; };
		7A90CC6929BE214900716A3F /* SettingsView.swift in Sources */ = {isa = PBXBuildFile; fileRef = 7A90CC6829BE214900716A3F /* SettingsView.swift */; };
		7A90CC6C29BE243000716A3F /* MainView.swift in Sources */ = {isa = PBXBuildFile; fileRef = 7A90CC6B29BE243000716A3F /* MainView.swift */; };
		7A90CC7229BE7CCD00716A3F /* TabBarShape.swift in Sources */ = {isa = PBXBuildFile; fileRef = 7A90CC7129BE7CCD00716A3F /* TabBarShape.swift */; };
		7A9334C429E97D9B006C4EE1 /* MapDetailsView.swift in Sources */ = {isa = PBXBuildFile; fileRef = 7A9334C229E97D9B006C4EE1 /* MapDetailsView.swift */; };
		7A9334C529E97D9B006C4EE1 /* MapDetailsViewModel.swift in Sources */ = {isa = PBXBuildFile; fileRef = 7A9334C329E97D9B006C4EE1 /* MapDetailsViewModel.swift */; };
		7A94FE9D29EC9D82004BAA78 /* StatsSorter.swift in Sources */ = {isa = PBXBuildFile; fileRef = 7A94FE9C29EC9D82004BAA78 /* StatsSorter.swift */; };
		7A963AF629EDDDF000B24566 /* app.gif in Resources */ = {isa = PBXBuildFile; fileRef = 7A963AF529EDDDF000B24566 /* app.gif */; };
		7ACFE37D29C4D83500A873C7 /* LinearGradient.swift in Sources */ = {isa = PBXBuildFile; fileRef = 7ACFE37C29C4D83500A873C7 /* LinearGradient.swift */; };
		7ACFE38429C768BF00A873C7 /* MapsView.swift in Sources */ = {isa = PBXBuildFile; fileRef = 7ACFE38229C768BF00A873C7 /* MapsView.swift */; };
		7ACFE38529C768BF00A873C7 /* MapsViewModel.swift in Sources */ = {isa = PBXBuildFile; fileRef = 7ACFE38329C768BF00A873C7 /* MapsViewModel.swift */; };
		7ACFE38929C86FD100A873C7 /* GameModeIds.swift in Sources */ = {isa = PBXBuildFile; fileRef = 7ACFE38829C86FD100A873C7 /* GameModeIds.swift */; };
		7AE6274429DB1BB100F72369 /* TimeInterval.swift in Sources */ = {isa = PBXBuildFile; fileRef = 7AE6274329DB1BB100F72369 /* TimeInterval.swift */; };
		7AE6274629DB383800F72369 /* RoundedCornerShape.swift in Sources */ = {isa = PBXBuildFile; fileRef = 7AE6274529DB383800F72369 /* RoundedCornerShape.swift */; };
		7AE6274829DB388200F72369 /* UIRectCorner.swift in Sources */ = {isa = PBXBuildFile; fileRef = 7AE6274729DB388200F72369 /* UIRectCorner.swift */; };
		7AE6274B29DD9AE400F72369 /* RectPreferenceKey.swift in Sources */ = {isa = PBXBuildFile; fileRef = 7AE6274A29DD9AE400F72369 /* RectPreferenceKey.swift */; };
/* End PBXBuildFile section */

/* Begin PBXContainerItemProxy section */
		7A323CAC299B940100E61906 /* PBXContainerItemProxy */ = {
			isa = PBXContainerItemProxy;
			containerPortal = 7A323C93299B940000E61906 /* Project object */;
			proxyType = 1;
			remoteGlobalIDString = 7A323C9A299B940000E61906;
			remoteInfo = "Brawl Stars Insider";
		};
		7A323CB6299B940100E61906 /* PBXContainerItemProxy */ = {
			isa = PBXContainerItemProxy;
			containerPortal = 7A323C93299B940000E61906 /* Project object */;
			proxyType = 1;
			remoteGlobalIDString = 7A323C9A299B940000E61906;
			remoteInfo = "Brawl Stars Insider";
		};
/* End PBXContainerItemProxy section */

/* Begin PBXFileReference section */
		7A0C223429B28A4C001C9A19 /* View.swift */ = {isa = PBXFileReference; lastKnownFileType = sourcecode.swift; path = View.swift; sourceTree = "<group>"; };
		7A0C223729B29188001C9A19 /* CurveTabBar.swift */ = {isa = PBXFileReference; lastKnownFileType = sourcecode.swift; path = CurveTabBar.swift; sourceTree = "<group>"; };
		7A0C223A29B29204001C9A19 /* TabItem.swift */ = {isa = PBXFileReference; lastKnownFileType = sourcecode.swift; path = TabItem.swift; sourceTree = "<group>"; };
		7A0C223C29B3F607001C9A19 /* Provider.swift */ = {isa = PBXFileReference; lastKnownFileType = sourcecode.swift; path = Provider.swift; sourceTree = "<group>"; };
		7A2F9C6229BDE9C900F1F7D7 /* Localizations+Generated.swift */ = {isa = PBXFileReference; lastKnownFileType = sourcecode.swift; path = "Localizations+Generated.swift"; sourceTree = "<group>"; };
		7A2F9C6429BDE9D500F1F7D7 /* Image+Generated.swift */ = {isa = PBXFileReference; lastKnownFileType = sourcecode.swift; path = "Image+Generated.swift"; sourceTree = "<group>"; };
		7A2F9C6629BDE9E500F1F7D7 /* Color+Generated.swift */ = {isa = PBXFileReference; lastKnownFileType = sourcecode.swift; path = "Color+Generated.swift"; sourceTree = "<group>"; };
		7A2FC34529BAAB3F00FB920D /* Image.stencil */ = {isa = PBXFileReference; fileEncoding = 4; lastKnownFileType = text; path = Image.stencil; sourceTree = "<group>"; };
		7A2FC34729BAAB3F00FB920D /* Color.stencil */ = {isa = PBXFileReference; fileEncoding = 4; lastKnownFileType = text; path = Color.stencil; sourceTree = "<group>"; };
		7A2FC34929BAAB3F00FB920D /* Localizations.stencil */ = {isa = PBXFileReference; fileEncoding = 4; lastKnownFileType = text; path = Localizations.stencil; sourceTree = "<group>"; };
		7A2FC34A29BAAB3F00FB920D /* swiftgen.yml */ = {isa = PBXFileReference; fileEncoding = 4; lastKnownFileType = text.yaml; path = swiftgen.yml; sourceTree = "<group>"; };
		7A2FC35529BAABFA00FB920D /* Colors.xcassets */ = {isa = PBXFileReference; lastKnownFileType = folder.assetcatalog; path = Colors.xcassets; sourceTree = "<group>"; };
		7A2FC35929BAB76700FB920D /* en */ = {isa = PBXFileReference; lastKnownFileType = text.plist.xml; name = en; path = en.lproj/Localizations.plist; sourceTree = "<group>"; };
		7A2FC35B29BAB76A00FB920D /* pl */ = {isa = PBXFileReference; lastKnownFileType = text.plist.xml; name = pl; path = pl.lproj/Localizations.plist; sourceTree = "<group>"; };
		7A2FC35C29BAB97A00FB920D /* Assets+Generated.swift */ = {isa = PBXFileReference; lastKnownFileType = sourcecode.swift; path = "Assets+Generated.swift"; sourceTree = "<group>"; };
		7A323C9B299B940000E61906 /* Brawl Stars Insider.app */ = {isa = PBXFileReference; explicitFileType = wrapper.application; includeInIndex = 0; path = "Brawl Stars Insider.app"; sourceTree = BUILT_PRODUCTS_DIR; };
		7A323C9E299B940000E61906 /* Brawl_Stars_InsiderApp.swift */ = {isa = PBXFileReference; lastKnownFileType = sourcecode.swift; path = Brawl_Stars_InsiderApp.swift; sourceTree = "<group>"; };
		7A323CA0299B940000E61906 /* EventsView.swift */ = {isa = PBXFileReference; lastKnownFileType = sourcecode.swift; path = EventsView.swift; sourceTree = "<group>"; };
		7A323CA2299B940100E61906 /* Images.xcassets */ = {isa = PBXFileReference; lastKnownFileType = folder.assetcatalog; path = Images.xcassets; sourceTree = "<group>"; };
		7A323CA5299B940100E61906 /* Preview Assets.xcassets */ = {isa = PBXFileReference; lastKnownFileType = folder.assetcatalog; path = "Preview Assets.xcassets"; sourceTree = "<group>"; };
		7A323CAB299B940100E61906 /* Brawl Stars InsiderTests.xctest */ = {isa = PBXFileReference; explicitFileType = wrapper.cfbundle; includeInIndex = 0; path = "Brawl Stars InsiderTests.xctest"; sourceTree = BUILT_PRODUCTS_DIR; };
		7A323CAF299B940100E61906 /* Brawl_Stars_InsiderTests.swift */ = {isa = PBXFileReference; lastKnownFileType = sourcecode.swift; path = Brawl_Stars_InsiderTests.swift; sourceTree = "<group>"; };
		7A323CB5299B940100E61906 /* Brawl Stars InsiderUITests.xctest */ = {isa = PBXFileReference; explicitFileType = wrapper.cfbundle; includeInIndex = 0; path = "Brawl Stars InsiderUITests.xctest"; sourceTree = BUILT_PRODUCTS_DIR; };
		7A323CB9299B940100E61906 /* Brawl_Stars_InsiderUITests.swift */ = {isa = PBXFileReference; lastKnownFileType = sourcecode.swift; path = Brawl_Stars_InsiderUITests.swift; sourceTree = "<group>"; };
		7A323CBB299B940100E61906 /* Brawl_Stars_InsiderUITestsLaunchTests.swift */ = {isa = PBXFileReference; lastKnownFileType = sourcecode.swift; path = Brawl_Stars_InsiderUITestsLaunchTests.swift; sourceTree = "<group>"; };
		7A323CDA299BB30800E61906 /* Endpoint.swift */ = {isa = PBXFileReference; lastKnownFileType = sourcecode.swift; path = Endpoint.swift; sourceTree = "<group>"; };
		7A323CE0299BB5E400E61906 /* Logger.swift */ = {isa = PBXFileReference; lastKnownFileType = sourcecode.swift; path = Logger.swift; sourceTree = "<group>"; };
		7A323CE3299BB61D00E61906 /* Data.swift */ = {isa = PBXFileReference; lastKnownFileType = sourcecode.swift; path = Data.swift; sourceTree = "<group>"; };
		7A323CEF299BD27300E61906 /* ListResponse.swift */ = {isa = PBXFileReference; lastKnownFileType = sourcecode.swift; path = ListResponse.swift; sourceTree = "<group>"; };
		7A323CF1299BD55400E61906 /* JSONDecoder.swift */ = {isa = PBXFileReference; lastKnownFileType = sourcecode.swift; path = JSONDecoder.swift; sourceTree = "<group>"; };
		7A323CF3299BD58400E61906 /* DateFormatter.swift */ = {isa = PBXFileReference; lastKnownFileType = sourcecode.swift; path = DateFormatter.swift; sourceTree = "<group>"; };
		7A43C26D299E701000567700 /* BrawlifyEndpoint.swift */ = {isa = PBXFileReference; lastKnownFileType = sourcecode.swift; path = BrawlifyEndpoint.swift; sourceTree = "<group>"; };
		7A43C270299E790100567700 /* PlayerIcon.swift */ = {isa = PBXFileReference; lastKnownFileType = sourcecode.swift; path = PlayerIcon.swift; sourceTree = "<group>"; };
		7A43C272299E790B00567700 /* ClubIcon.swift */ = {isa = PBXFileReference; lastKnownFileType = sourcecode.swift; path = ClubIcon.swift; sourceTree = "<group>"; };
		7A43C274299E79FF00567700 /* GetIconsResponse.swift */ = {isa = PBXFileReference; lastKnownFileType = sourcecode.swift; path = GetIconsResponse.swift; sourceTree = "<group>"; };
		7A43C27A299EB07300567700 /* AppPath.swift */ = {isa = PBXFileReference; lastKnownFileType = sourcecode.swift; path = AppPath.swift; sourceTree = "<group>"; };
		7A43C27C299EB0CE00567700 /* Store.swift */ = {isa = PBXFileReference; lastKnownFileType = sourcecode.swift; path = Store.swift; sourceTree = "<group>"; };
		7A43C27E299EB12500567700 /* IconsRepository.swift */ = {isa = PBXFileReference; lastKnownFileType = sourcecode.swift; path = IconsRepository.swift; sourceTree = "<group>"; };
		7A43C280299EC1D800567700 /* GetEventsResponse.swift */ = {isa = PBXFileReference; lastKnownFileType = sourcecode.swift; path = GetEventsResponse.swift; sourceTree = "<group>"; };
		7A43C282299EC7C400567700 /* Stat.swift */ = {isa = PBXFileReference; lastKnownFileType = sourcecode.swift; path = Stat.swift; sourceTree = "<group>"; };
		7A43C285299EC7F100567700 /* GameMode.swift */ = {isa = PBXFileReference; lastKnownFileType = sourcecode.swift; path = GameMode.swift; sourceTree = "<group>"; };
		7A43C287299EC84800567700 /* Environment.swift */ = {isa = PBXFileReference; lastKnownFileType = sourcecode.swift; path = Environment.swift; sourceTree = "<group>"; };
		7A43C28C299EC8D800567700 /* Map.swift */ = {isa = PBXFileReference; fileEncoding = 4; lastKnownFileType = sourcecode.swift; path = Map.swift; sourceTree = "<group>"; };
		7A43C28E299ECB2000567700 /* Event.swift */ = {isa = PBXFileReference; lastKnownFileType = sourcecode.swift; path = Event.swift; sourceTree = "<group>"; };
		7A43C290299ECB2D00567700 /* Slot.swift */ = {isa = PBXFileReference; lastKnownFileType = sourcecode.swift; path = Slot.swift; sourceTree = "<group>"; };
		7A43C293299ECC1B00567700 /* EventsViewModel.swift */ = {isa = PBXFileReference; lastKnownFileType = sourcecode.swift; path = EventsViewModel.swift; sourceTree = "<group>"; };
		7A43C295299ED12400567700 /* EventRow.swift */ = {isa = PBXFileReference; lastKnownFileType = sourcecode.swift; path = EventRow.swift; sourceTree = "<group>"; };
		7A43C297299EF2AB00567700 /* Color.swift */ = {isa = PBXFileReference; lastKnownFileType = sourcecode.swift; path = Color.swift; sourceTree = "<group>"; };
		7A43C29A299EFB9900567700 /* EventMock.swift */ = {isa = PBXFileReference; lastKnownFileType = sourcecode.swift; path = EventMock.swift; sourceTree = "<group>"; };
		7A43C29C299EFC5C00567700 /* String.swift */ = {isa = PBXFileReference; lastKnownFileType = sourcecode.swift; path = String.swift; sourceTree = "<group>"; };
		7A43C2A7299FC35B00567700 /* BrawlerStatView.swift */ = {isa = PBXFileReference; lastKnownFileType = sourcecode.swift; path = BrawlerStatView.swift; sourceTree = "<group>"; };
		7A43C2AA299FC51E00567700 /* Brawler.swift */ = {isa = PBXFileReference; lastKnownFileType = sourcecode.swift; path = Brawler.swift; sourceTree = "<group>"; };
		7A43C2AC299FC53E00567700 /* BrawlerItem.swift */ = {isa = PBXFileReference; lastKnownFileType = sourcecode.swift; path = BrawlerItem.swift; sourceTree = "<group>"; };
		7A43C2AE299FC5BE00567700 /* BrawlerRarity.swift */ = {isa = PBXFileReference; lastKnownFileType = sourcecode.swift; path = BrawlerRarity.swift; sourceTree = "<group>"; };
		7A43C2B0299FC5C700567700 /* BrawlerClass.swift */ = {isa = PBXFileReference; lastKnownFileType = sourcecode.swift; path = BrawlerClass.swift; sourceTree = "<group>"; };
		7A43C2B2299FC68000567700 /* BrawlerMock.swift */ = {isa = PBXFileReference; lastKnownFileType = sourcecode.swift; path = BrawlerMock.swift; sourceTree = "<group>"; };
		7A43C2B4299FC6A900567700 /* Int.swift */ = {isa = PBXFileReference; lastKnownFileType = sourcecode.swift; path = Int.swift; sourceTree = "<group>"; };
		7A43C2B8299FC8B200567700 /* Icons.swift */ = {isa = PBXFileReference; lastKnownFileType = sourcecode.swift; path = Icons.swift; sourceTree = "<group>"; };
		7A43C2BA299FD16600567700 /* EventRowViewModel.swift */ = {isa = PBXFileReference; lastKnownFileType = sourcecode.swift; path = EventRowViewModel.swift; sourceTree = "<group>"; };
		7A6A417429CCE5D100E4F28C /* DependencyProvider.swift */ = {isa = PBXFileReference; lastKnownFileType = sourcecode.swift; path = DependencyProvider.swift; sourceTree = "<group>"; };
		7A6A417629CCE5E500E4F28C /* AppDependencyProvider.swift */ = {isa = PBXFileReference; lastKnownFileType = sourcecode.swift; path = AppDependencyProvider.swift; sourceTree = "<group>"; };
		7A6A417829CCE5FF00E4F28C /* Dependency.swift */ = {isa = PBXFileReference; lastKnownFileType = sourcecode.swift; path = Dependency.swift; sourceTree = "<group>"; };
		7A6A417C29CCE7FC00E4F28C /* MockDependencyProvider.swift */ = {isa = PBXFileReference; lastKnownFileType = sourcecode.swift; path = MockDependencyProvider.swift; sourceTree = "<group>"; };
		7A847E7E29D6F02B0049FE3D /* IconsRepositoryMock.swift */ = {isa = PBXFileReference; lastKnownFileType = sourcecode.swift; path = IconsRepositoryMock.swift; sourceTree = "<group>"; };
		7A847E8029D6F0550049FE3D /* PlayerIconMock.swift */ = {isa = PBXFileReference; lastKnownFileType = sourcecode.swift; path = PlayerIconMock.swift; sourceTree = "<group>"; };
		7A847E8229D6F0E90049FE3D /* URL.swift */ = {isa = PBXFileReference; lastKnownFileType = sourcecode.swift; path = URL.swift; sourceTree = "<group>"; };
		7A847E8429D6F1DC0049FE3D /* ClubIconMock.swift */ = {isa = PBXFileReference; lastKnownFileType = sourcecode.swift; path = ClubIconMock.swift; sourceTree = "<group>"; };
		7A90CC6529BE212700716A3F /* BrawlersView.swift */ = {isa = PBXFileReference; lastKnownFileType = sourcecode.swift; path = BrawlersView.swift; sourceTree = "<group>"; };
		7A90CC6829BE214900716A3F /* SettingsView.swift */ = {isa = PBXFileReference; lastKnownFileType = sourcecode.swift; path = SettingsView.swift; sourceTree = "<group>"; };
		7A90CC6B29BE243000716A3F /* MainView.swift */ = {isa = PBXFileReference; lastKnownFileType = sourcecode.swift; path = MainView.swift; sourceTree = "<group>"; };
		7A90CC7129BE7CCD00716A3F /* TabBarShape.swift */ = {isa = PBXFileReference; lastKnownFileType = sourcecode.swift; path = TabBarShape.swift; sourceTree = "<group>"; };
		7A9334C229E97D9B006C4EE1 /* MapDetailsView.swift */ = {isa = PBXFileReference; lastKnownFileType = sourcecode.swift; path = MapDetailsView.swift; sourceTree = "<group>"; };
		7A9334C329E97D9B006C4EE1 /* MapDetailsViewModel.swift */ = {isa = PBXFileReference; lastKnownFileType = sourcecode.swift; path = MapDetailsViewModel.swift; sourceTree = "<group>"; };
		7A94FE9C29EC9D82004BAA78 /* StatsSorter.swift */ = {isa = PBXFileReference; lastKnownFileType = sourcecode.swift; path = StatsSorter.swift; sourceTree = "<group>"; };
		7A963AF529EDDDF000B24566 /* app.gif */ = {isa = PBXFileReference; lastKnownFileType = image.gif; path = app.gif; sourceTree = "<group>"; };
		7ACFE37C29C4D83500A873C7 /* LinearGradient.swift */ = {isa = PBXFileReference; lastKnownFileType = sourcecode.swift; path = LinearGradient.swift; sourceTree = "<group>"; };
		7ACFE38229C768BF00A873C7 /* MapsView.swift */ = {isa = PBXFileReference; lastKnownFileType = sourcecode.swift; path = MapsView.swift; sourceTree = "<group>"; };
		7ACFE38329C768BF00A873C7 /* MapsViewModel.swift */ = {isa = PBXFileReference; lastKnownFileType = sourcecode.swift; path = MapsViewModel.swift; sourceTree = "<group>"; };
		7ACFE38829C86FD100A873C7 /* GameModeIds.swift */ = {isa = PBXFileReference; lastKnownFileType = sourcecode.swift; path = GameModeIds.swift; sourceTree = "<group>"; };
		7AE6274329DB1BB100F72369 /* TimeInterval.swift */ = {isa = PBXFileReference; lastKnownFileType = sourcecode.swift; path = TimeInterval.swift; sourceTree = "<group>"; };
		7AE6274529DB383800F72369 /* RoundedCornerShape.swift */ = {isa = PBXFileReference; lastKnownFileType = sourcecode.swift; path = RoundedCornerShape.swift; sourceTree = "<group>"; };
		7AE6274729DB388200F72369 /* UIRectCorner.swift */ = {isa = PBXFileReference; lastKnownFileType = sourcecode.swift; path = UIRectCorner.swift; sourceTree = "<group>"; };
		7AE6274A29DD9AE400F72369 /* RectPreferenceKey.swift */ = {isa = PBXFileReference; lastKnownFileType = sourcecode.swift; path = RectPreferenceKey.swift; sourceTree = "<group>"; };
/* End PBXFileReference section */

/* Begin PBXFrameworksBuildPhase section */
		7A323C98299B940000E61906 /* Frameworks */ = {
			isa = PBXFrameworksBuildPhase;
			buildActionMask = 2147483647;
			files = (
				7A43C278299E8ECB00567700 /* Kingfisher in Frameworks */,
				7A0C224029B3F632001C9A19 /* Alamofire in Frameworks */,
			);
			runOnlyForDeploymentPostprocessing = 0;
		};
		7A323CA8299B940100E61906 /* Frameworks */ = {
			isa = PBXFrameworksBuildPhase;
			buildActionMask = 2147483647;
			files = (
			);
			runOnlyForDeploymentPostprocessing = 0;
		};
		7A323CB2299B940100E61906 /* Frameworks */ = {
			isa = PBXFrameworksBuildPhase;
			buildActionMask = 2147483647;
			files = (
			);
			runOnlyForDeploymentPostprocessing = 0;
		};
/* End PBXFrameworksBuildPhase section */

/* Begin PBXGroup section */
		7A0C223629B2914F001C9A19 /* Custom Views */ = {
			isa = PBXGroup;
			children = (
				7AE6274929DD9AAC00F72369 /* PropertyKeys */,
				7A90CC7029BE7CC000716A3F /* Shapes */,
				7A0C223929B291F8001C9A19 /* Curve Tab Bar */,
			);
			path = "Custom Views";
			sourceTree = "<group>";
		};
		7A0C223929B291F8001C9A19 /* Curve Tab Bar */ = {
			isa = PBXGroup;
			children = (
				7A0C223729B29188001C9A19 /* CurveTabBar.swift */,
				7A0C223A29B29204001C9A19 /* TabItem.swift */,
			);
			path = "Curve Tab Bar";
			sourceTree = "<group>";
		};
		7A2FC34129BAAB3F00FB920D /* BuildTools */ = {
			isa = PBXGroup;
			children = (
				7A2FC34229BAAB3F00FB920D /* SwiftGen */,
			);
			path = BuildTools;
			sourceTree = "<group>";
		};
		7A2FC34229BAAB3F00FB920D /* SwiftGen */ = {
			isa = PBXGroup;
			children = (
				7A2FC34329BAAB3F00FB920D /* Generated */,
				7A2FC34429BAAB3F00FB920D /* Stencils */,
				7A2FC34A29BAAB3F00FB920D /* swiftgen.yml */,
			);
			path = SwiftGen;
			sourceTree = "<group>";
		};
		7A2FC34329BAAB3F00FB920D /* Generated */ = {
			isa = PBXGroup;
			children = (
				7A2FC35C29BAB97A00FB920D /* Assets+Generated.swift */,
				7A2F9C6229BDE9C900F1F7D7 /* Localizations+Generated.swift */,
				7A2F9C6429BDE9D500F1F7D7 /* Image+Generated.swift */,
				7A2F9C6629BDE9E500F1F7D7 /* Color+Generated.swift */,
			);
			path = Generated;
			sourceTree = "<group>";
		};
		7A2FC34429BAAB3F00FB920D /* Stencils */ = {
			isa = PBXGroup;
			children = (
				7A2FC34529BAAB3F00FB920D /* Image.stencil */,
				7A2FC34729BAAB3F00FB920D /* Color.stencil */,
				7A2FC34929BAAB3F00FB920D /* Localizations.stencil */,
			);
			path = Stencils;
			sourceTree = "<group>";
		};
		7A2FC35129BAABDB00FB920D /* Resources */ = {
			isa = PBXGroup;
			children = (
				7A963AF029EDD18D00B24566 /* Readme */,
				7A323CA2299B940100E61906 /* Images.xcassets */,
				7A2FC35A29BAB76700FB920D /* Localizations.plist */,
				7A2FC35529BAABFA00FB920D /* Colors.xcassets */,
			);
			path = Resources;
			sourceTree = "<group>";
		};
		7A323C92299B940000E61906 = {
			isa = PBXGroup;
			children = (
				7A323C9D299B940000E61906 /* Brawl Stars Insider */,
				7A323CAE299B940100E61906 /* Brawl Stars InsiderTests */,
				7A323CB8299B940100E61906 /* Brawl Stars InsiderUITests */,
				7A323C9C299B940000E61906 /* Products */,
			);
			sourceTree = "<group>";
		};
		7A323C9C299B940000E61906 /* Products */ = {
			isa = PBXGroup;
			children = (
				7A323C9B299B940000E61906 /* Brawl Stars Insider.app */,
				7A323CAB299B940100E61906 /* Brawl Stars InsiderTests.xctest */,
				7A323CB5299B940100E61906 /* Brawl Stars InsiderUITests.xctest */,
			);
			name = Products;
			sourceTree = "<group>";
		};
		7A323C9D299B940000E61906 /* Brawl Stars Insider */ = {
			isa = PBXGroup;
			children = (
				7A323CC8299BA15600E61906 /* Source */,
				7A2FC34129BAAB3F00FB920D /* BuildTools */,
				7A2FC35129BAABDB00FB920D /* Resources */,
				7A323CA4299B940100E61906 /* Preview Content */,
			);
			path = "Brawl Stars Insider";
			sourceTree = "<group>";
		};
		7A323CA4299B940100E61906 /* Preview Content */ = {
			isa = PBXGroup;
			children = (
				7A43C299299EFB8C00567700 /* Mocks */,
				7A323CA5299B940100E61906 /* Preview Assets.xcassets */,
			);
			path = "Preview Content";
			sourceTree = "<group>";
		};
		7A323CAE299B940100E61906 /* Brawl Stars InsiderTests */ = {
			isa = PBXGroup;
			children = (
				7A323CAF299B940100E61906 /* Brawl_Stars_InsiderTests.swift */,
			);
			path = "Brawl Stars InsiderTests";
			sourceTree = "<group>";
		};
		7A323CB8299B940100E61906 /* Brawl Stars InsiderUITests */ = {
			isa = PBXGroup;
			children = (
				7A323CB9299B940100E61906 /* Brawl_Stars_InsiderUITests.swift */,
				7A323CBB299B940100E61906 /* Brawl_Stars_InsiderUITestsLaunchTests.swift */,
			);
			path = "Brawl Stars InsiderUITests";
			sourceTree = "<group>";
		};
		7A323CC8299BA15600E61906 /* Source */ = {
			isa = PBXGroup;
			children = (
				7A323C9E299B940000E61906 /* Brawl_Stars_InsiderApp.swift */,
				7A323CDF299BB5D400E61906 /* Views */,
				7A323CD2299BAEFD00E61906 /* API */,
				7A0C223629B2914F001C9A19 /* Custom Views */,
				7A43C279299EB04800567700 /* Repository */,
				7A323CC9299BA16300E61906 /* Models */,
				7A323CE2299BB61100E61906 /* Extensions */,
				7A323CDE299BB5CE00E61906 /* Tools */,
			);
			path = Source;
			sourceTree = "<group>";
		};
		7A323CC9299BA16300E61906 /* Models */ = {
			isa = PBXGroup;
			children = (
				7A43C289299EC88500567700 /* Brawlify */,
				7ACFE38829C86FD100A873C7 /* GameModeIds.swift */,
			);
			path = Models;
			sourceTree = "<group>";
		};
		7A323CD2299BAEFD00E61906 /* API */ = {
			isa = PBXGroup;
			children = (
				7A43C26F299E78EB00567700 /* Responses */,
				7A323CDA299BB30800E61906 /* Endpoint.swift */,
				7A323CEF299BD27300E61906 /* ListResponse.swift */,
				7A43C26D299E701000567700 /* BrawlifyEndpoint.swift */,
				7A0C223C29B3F607001C9A19 /* Provider.swift */,
			);
			path = API;
			sourceTree = "<group>";
		};
		7A323CDE299BB5CE00E61906 /* Tools */ = {
			isa = PBXGroup;
			children = (
				7A6A417329CCE5C700E4F28C /* DI */,
				7A323CE0299BB5E400E61906 /* Logger.swift */,
				7A43C27A299EB07300567700 /* AppPath.swift */,
				7A43C27C299EB0CE00567700 /* Store.swift */,
				7A94FE9C29EC9D82004BAA78 /* StatsSorter.swift */,
			);
			path = Tools;
			sourceTree = "<group>";
		};
		7A323CDF299BB5D400E61906 /* Views */ = {
			isa = PBXGroup;
			children = (
				7A90CC6D29BE243E00716A3F /* Main */,
				7A90CC6729BE212E00716A3F /* Settings */,
				7A90CC6429BE211C00716A3F /* Brawlers */,
				7A82514729B27EA700A792C9 /* Maps */,
				7A43C292299ECC1000567700 /* Events */,
			);
			path = Views;
			sourceTree = "<group>";
		};
		7A323CE2299BB61100E61906 /* Extensions */ = {
			isa = PBXGroup;
			children = (
				7A323CE3299BB61D00E61906 /* Data.swift */,
				7A0C223429B28A4C001C9A19 /* View.swift */,
				7A323CF1299BD55400E61906 /* JSONDecoder.swift */,
				7A323CF3299BD58400E61906 /* DateFormatter.swift */,
				7A43C297299EF2AB00567700 /* Color.swift */,
				7A43C29C299EFC5C00567700 /* String.swift */,
				7A43C2B4299FC6A900567700 /* Int.swift */,
				7ACFE37C29C4D83500A873C7 /* LinearGradient.swift */,
				7A847E8229D6F0E90049FE3D /* URL.swift */,
				7AE6274329DB1BB100F72369 /* TimeInterval.swift */,
				7AE6274729DB388200F72369 /* UIRectCorner.swift */,
			);
			path = Extensions;
			sourceTree = "<group>";
		};
		7A43C26F299E78EB00567700 /* Responses */ = {
			isa = PBXGroup;
			children = (
				7A43C274299E79FF00567700 /* GetIconsResponse.swift */,
				7A43C280299EC1D800567700 /* GetEventsResponse.swift */,
			);
			path = Responses;
			sourceTree = "<group>";
		};
		7A43C279299EB04800567700 /* Repository */ = {
			isa = PBXGroup;
			children = (
				7A43C27E299EB12500567700 /* IconsRepository.swift */,
				7A43C2B8299FC8B200567700 /* Icons.swift */,
			);
			path = Repository;
			sourceTree = "<group>";
		};
		7A43C284299EC7DD00567700 /* Get Events */ = {
			isa = PBXGroup;
			children = (
				7A43C28C299EC8D800567700 /* Map.swift */,
				7A43C282299EC7C400567700 /* Stat.swift */,
				7A43C285299EC7F100567700 /* GameMode.swift */,
				7A43C287299EC84800567700 /* Environment.swift */,
				7A43C28E299ECB2000567700 /* Event.swift */,
				7A43C290299ECB2D00567700 /* Slot.swift */,
			);
			path = "Get Events";
			sourceTree = "<group>";
		};
		7A43C289299EC88500567700 /* Brawlify */ = {
			isa = PBXGroup;
			children = (
				7A43C2A9299FC51200567700 /* Get Brawlers */,
				7A43C28B299EC8A200567700 /* Get Icons */,
				7A43C284299EC7DD00567700 /* Get Events */,
			);
			path = Brawlify;
			sourceTree = "<group>";
		};
		7A43C28B299EC8A200567700 /* Get Icons */ = {
			isa = PBXGroup;
			children = (
				7A43C270299E790100567700 /* PlayerIcon.swift */,
				7A43C272299E790B00567700 /* ClubIcon.swift */,
			);
			path = "Get Icons";
			sourceTree = "<group>";
		};
		7A43C292299ECC1000567700 /* Events */ = {
			isa = PBXGroup;
			children = (
				7A323CA0299B940000E61906 /* EventsView.swift */,
				7A43C293299ECC1B00567700 /* EventsViewModel.swift */,
				7A43C295299ED12400567700 /* EventRow.swift */,
				7A43C2A7299FC35B00567700 /* BrawlerStatView.swift */,
				7A43C2BA299FD16600567700 /* EventRowViewModel.swift */,
			);
			path = Events;
			sourceTree = "<group>";
		};
		7A43C299299EFB8C00567700 /* Mocks */ = {
			isa = PBXGroup;
			children = (
				7A43C29A299EFB9900567700 /* EventMock.swift */,
				7A43C2B2299FC68000567700 /* BrawlerMock.swift */,
				7A847E7E29D6F02B0049FE3D /* IconsRepositoryMock.swift */,
				7A847E8029D6F0550049FE3D /* PlayerIconMock.swift */,
				7A847E8429D6F1DC0049FE3D /* ClubIconMock.swift */,
			);
			path = Mocks;
			sourceTree = "<group>";
		};
		7A43C2A9299FC51200567700 /* Get Brawlers */ = {
			isa = PBXGroup;
			children = (
				7A43C2AA299FC51E00567700 /* Brawler.swift */,
				7A43C2AC299FC53E00567700 /* BrawlerItem.swift */,
				7A43C2AE299FC5BE00567700 /* BrawlerRarity.swift */,
				7A43C2B0299FC5C700567700 /* BrawlerClass.swift */,
			);
			path = "Get Brawlers";
			sourceTree = "<group>";
		};
		7A6A417329CCE5C700E4F28C /* DI */ = {
			isa = PBXGroup;
			children = (
				7A6A417429CCE5D100E4F28C /* DependencyProvider.swift */,
				7A6A417629CCE5E500E4F28C /* AppDependencyProvider.swift */,
				7A6A417829CCE5FF00E4F28C /* Dependency.swift */,
				7A6A417C29CCE7FC00E4F28C /* MockDependencyProvider.swift */,
			);
			path = DI;
			sourceTree = "<group>";
		};
		7A82514729B27EA700A792C9 /* Maps */ = {
			isa = PBXGroup;
			children = (
				7A9334C129E97D89006C4EE1 /* Details */,
				7ACFE38229C768BF00A873C7 /* MapsView.swift */,
				7ACFE38329C768BF00A873C7 /* MapsViewModel.swift */,
			);
			path = Maps;
			sourceTree = "<group>";
		};
		7A90CC6429BE211C00716A3F /* Brawlers */ = {
			isa = PBXGroup;
			children = (
				7A90CC6529BE212700716A3F /* BrawlersView.swift */,
			);
			path = Brawlers;
			sourceTree = "<group>";
		};
		7A90CC6729BE212E00716A3F /* Settings */ = {
			isa = PBXGroup;
			children = (
				7A90CC6829BE214900716A3F /* SettingsView.swift */,
			);
			path = Settings;
			sourceTree = "<group>";
		};
		7A90CC6D29BE243E00716A3F /* Main */ = {
			isa = PBXGroup;
			children = (
				7A90CC6B29BE243000716A3F /* MainView.swift */,
			);
			path = Main;
			sourceTree = "<group>";
		};
		7A90CC7029BE7CC000716A3F /* Shapes */ = {
			isa = PBXGroup;
			children = (
				7A90CC7129BE7CCD00716A3F /* TabBarShape.swift */,
				7AE6274529DB383800F72369 /* RoundedCornerShape.swift */,
			);
			path = Shapes;
			sourceTree = "<group>";
		};
		7A9334C129E97D89006C4EE1 /* Details */ = {
			isa = PBXGroup;
			children = (
				7A9334C229E97D9B006C4EE1 /* MapDetailsView.swift */,
				7A9334C329E97D9B006C4EE1 /* MapDetailsViewModel.swift */,
			);
			path = Details;
			sourceTree = "<group>";
		};
		7A963AF029EDD18D00B24566 /* Readme */ = {
			isa = PBXGroup;
			children = (
				7A963AF529EDDDF000B24566 /* app.gif */,
			);
			path = Readme;
			sourceTree = "<group>";
		};
		7AE6274929DD9AAC00F72369 /* PropertyKeys */ = {
			isa = PBXGroup;
			children = (
				7AE6274A29DD9AE400F72369 /* RectPreferenceKey.swift */,
			);
			path = PropertyKeys;
			sourceTree = "<group>";
		};
/* End PBXGroup section */

/* Begin PBXNativeTarget section */
		7A323C9A299B940000E61906 /* Brawl Stars Insider */ = {
			isa = PBXNativeTarget;
			buildConfigurationList = 7A323CBF299B940100E61906 /* Build configuration list for PBXNativeTarget "Brawl Stars Insider" */;
			buildPhases = (
				7A2FC35729BAAC4300FB920D /* Run SwiftGen */,
				7A323C97299B940000E61906 /* Sources */,
				7A323C98299B940000E61906 /* Frameworks */,
				7A323C99299B940000E61906 /* Resources */,
			);
			buildRules = (
			);
			dependencies = (
			);
			name = "Brawl Stars Insider";
			packageProductDependencies = (
				7A43C277299E8ECB00567700 /* Kingfisher */,
				7A0C223F29B3F632001C9A19 /* Alamofire */,
			);
			productName = "Brawl Stars Insider";
			productReference = 7A323C9B299B940000E61906 /* Brawl Stars Insider.app */;
			productType = "com.apple.product-type.application";
		};
		7A323CAA299B940100E61906 /* Brawl Stars InsiderTests */ = {
			isa = PBXNativeTarget;
			buildConfigurationList = 7A323CC2299B940100E61906 /* Build configuration list for PBXNativeTarget "Brawl Stars InsiderTests" */;
			buildPhases = (
				7A323CA7299B940100E61906 /* Sources */,
				7A323CA8299B940100E61906 /* Frameworks */,
				7A323CA9299B940100E61906 /* Resources */,
			);
			buildRules = (
			);
			dependencies = (
				7A323CAD299B940100E61906 /* PBXTargetDependency */,
			);
			name = "Brawl Stars InsiderTests";
			productName = "Brawl Stars InsiderTests";
			productReference = 7A323CAB299B940100E61906 /* Brawl Stars InsiderTests.xctest */;
			productType = "com.apple.product-type.bundle.unit-test";
		};
		7A323CB4299B940100E61906 /* Brawl Stars InsiderUITests */ = {
			isa = PBXNativeTarget;
			buildConfigurationList = 7A323CC5299B940100E61906 /* Build configuration list for PBXNativeTarget "Brawl Stars InsiderUITests" */;
			buildPhases = (
				7A323CB1299B940100E61906 /* Sources */,
				7A323CB2299B940100E61906 /* Frameworks */,
				7A323CB3299B940100E61906 /* Resources */,
			);
			buildRules = (
			);
			dependencies = (
				7A323CB7299B940100E61906 /* PBXTargetDependency */,
			);
			name = "Brawl Stars InsiderUITests";
			productName = "Brawl Stars InsiderUITests";
			productReference = 7A323CB5299B940100E61906 /* Brawl Stars InsiderUITests.xctest */;
			productType = "com.apple.product-type.bundle.ui-testing";
		};
/* End PBXNativeTarget section */

/* Begin PBXProject section */
		7A323C93299B940000E61906 /* Project object */ = {
			isa = PBXProject;
			attributes = {
				BuildIndependentTargetsInParallel = 1;
				LastSwiftUpdateCheck = 1420;
				LastUpgradeCheck = 1430;
				TargetAttributes = {
					7A323C9A299B940000E61906 = {
						CreatedOnToolsVersion = 14.2;
					};
					7A323CAA299B940100E61906 = {
						CreatedOnToolsVersion = 14.2;
						TestTargetID = 7A323C9A299B940000E61906;
					};
					7A323CB4299B940100E61906 = {
						CreatedOnToolsVersion = 14.2;
						TestTargetID = 7A323C9A299B940000E61906;
					};
				};
			};
			buildConfigurationList = 7A323C96299B940000E61906 /* Build configuration list for PBXProject "Brawl Stars Insider" */;
			compatibilityVersion = "Xcode 14.0";
			developmentRegion = en;
			hasScannedForEncodings = 0;
			knownRegions = (
				en,
				Base,
				pl,
			);
			mainGroup = 7A323C92299B940000E61906;
			packageReferences = (
				7A43C276299E8ECB00567700 /* XCRemoteSwiftPackageReference "Kingfisher" */,
				7A0C223E29B3F632001C9A19 /* XCRemoteSwiftPackageReference "Alamofire" */,
			);
			productRefGroup = 7A323C9C299B940000E61906 /* Products */;
			projectDirPath = "";
			projectRoot = "";
			targets = (
				7A323C9A299B940000E61906 /* Brawl Stars Insider */,
				7A323CAA299B940100E61906 /* Brawl Stars InsiderTests */,
				7A323CB4299B940100E61906 /* Brawl Stars InsiderUITests */,
			);
		};
/* End PBXProject section */

/* Begin PBXResourcesBuildPhase section */
		7A323C99299B940000E61906 /* Resources */ = {
			isa = PBXResourcesBuildPhase;
			buildActionMask = 2147483647;
			files = (
				7A323CA6299B940100E61906 /* Preview Assets.xcassets in Resources */,
				7A2FC35829BAB76700FB920D /* Localizations.plist in Resources */,
				7A2FC35029BAAB3F00FB920D /* swiftgen.yml in Resources */,
				7A963AF629EDDDF000B24566 /* app.gif in Resources */,
				7A2FC35629BAABFA00FB920D /* Colors.xcassets in Resources */,
				7A2FC34F29BAAB3F00FB920D /* Localizations.stencil in Resources */,
				7A2FC34D29BAAB3F00FB920D /* Color.stencil in Resources */,
				7A2FC34B29BAAB3F00FB920D /* Image.stencil in Resources */,
				7A323CA3299B940100E61906 /* Images.xcassets in Resources */,
			);
			runOnlyForDeploymentPostprocessing = 0;
		};
		7A323CA9299B940100E61906 /* Resources */ = {
			isa = PBXResourcesBuildPhase;
			buildActionMask = 2147483647;
			files = (
			);
			runOnlyForDeploymentPostprocessing = 0;
		};
		7A323CB3299B940100E61906 /* Resources */ = {
			isa = PBXResourcesBuildPhase;
			buildActionMask = 2147483647;
			files = (
			);
			runOnlyForDeploymentPostprocessing = 0;
		};
/* End PBXResourcesBuildPhase section */

/* Begin PBXShellScriptBuildPhase section */
		7A2FC35729BAAC4300FB920D /* Run SwiftGen */ = {
			isa = PBXShellScriptBuildPhase;
			buildActionMask = 2147483647;
			files = (
			);
			inputFileListPaths = (
			);
			inputPaths = (
				"${PROJECT_DIR}/${TARGET_NAME}/Resources/Assets.xcassets",
				"${PROJECT_DIR}/${TARGET_NAME}/Resources/Colors.xcassets",
				"${PROJECT_DIR}/${TARGET_NAME}/Resources/en.lproj/Localizations.plist",
			);
			name = "Run SwiftGen";
			outputFileListPaths = (
			);
			outputPaths = (
				"${PROJECT_DIR}/${TARGET_NAME}/BuildTools/SwiftGen/Generated/Assets+Generated.swift",
				"${PROJECT_DIR}/${TARGET_NAME}/BuildTools/SwiftGen/Generated/Localizations+Generated.swift",
				"${PROJECT_DIR}/${TARGET_NAME}/BuildTools/SwiftGen/Generated/Image+Generated.swift",
				"${PROJECT_DIR}/${TARGET_NAME}/BuildTools/SwiftGen/Generated/Colors+Generated.swift",
			);
			runOnlyForDeploymentPostprocessing = 0;
			shellPath = /bin/sh;
			shellScript = "if test -d \"/opt/homebrew/bin/\"; then\n  PATH=\"/opt/homebrew/bin/:${PATH}\"\nfi\n\n export PATH\n\nif which swiftgen >/dev/null; then\n    swiftgen config run --config \"${PROJECT_DIR}/${TARGET_NAME}/BuildTools/SwiftGen/swiftgen.yml\"\nelse\n  echo \"warning: SwiftGen not installed, download it from https://github.com/SwiftGen/SwiftGen\"\nfi\n";
		};
/* End PBXShellScriptBuildPhase section */

/* Begin PBXSourcesBuildPhase section */
		7A323C97299B940000E61906 /* Sources */ = {
			isa = PBXSourcesBuildPhase;
			buildActionMask = 2147483647;
			files = (
				7A43C273299E790B00567700 /* ClubIcon.swift in Sources */,
				7A43C283299EC7C400567700 /* Stat.swift in Sources */,
				7A323CF4299BD58400E61906 /* DateFormatter.swift in Sources */,
				7A323CA1299B940000E61906 /* EventsView.swift in Sources */,
				7A323CF2299BD55400E61906 /* JSONDecoder.swift in Sources */,
				7A43C28D299EC8D800567700 /* Map.swift in Sources */,
				7ACFE37D29C4D83500A873C7 /* LinearGradient.swift in Sources */,
				7A323CDB299BB30800E61906 /* Endpoint.swift in Sources */,
				7A90CC6929BE214900716A3F /* SettingsView.swift in Sources */,
				7A43C27D299EB0CE00567700 /* Store.swift in Sources */,
				7A2F9C6329BDE9C900F1F7D7 /* Localizations+Generated.swift in Sources */,
				7A43C27F299EB12500567700 /* IconsRepository.swift in Sources */,
				7A9334C529E97D9B006C4EE1 /* MapDetailsViewModel.swift in Sources */,
				7A9334C429E97D9B006C4EE1 /* MapDetailsView.swift in Sources */,
				7A43C29D299EFC5C00567700 /* String.swift in Sources */,
				7A43C288299EC84800567700 /* Environment.swift in Sources */,
				7AE6274829DB388200F72369 /* UIRectCorner.swift in Sources */,
				7A6A417729CCE5E500E4F28C /* AppDependencyProvider.swift in Sources */,
				7A323CE4299BB61D00E61906 /* Data.swift in Sources */,
				7A6A417D29CCE7FC00E4F28C /* MockDependencyProvider.swift in Sources */,
				7A43C29B299EFB9900567700 /* EventMock.swift in Sources */,
				7A43C275299E79FF00567700 /* GetIconsResponse.swift in Sources */,
				7A847E8129D6F0550049FE3D /* PlayerIconMock.swift in Sources */,
				7A323CE1299BB5E400E61906 /* Logger.swift in Sources */,
				7A43C2B9299FC8B200567700 /* Icons.swift in Sources */,
				7A43C291299ECB2D00567700 /* Slot.swift in Sources */,
				7A43C271299E790100567700 /* PlayerIcon.swift in Sources */,
				7A43C2BB299FD16600567700 /* EventRowViewModel.swift in Sources */,
				7AE6274429DB1BB100F72369 /* TimeInterval.swift in Sources */,
				7A43C2B5299FC6A900567700 /* Int.swift in Sources */,
				7A43C296299ED12400567700 /* EventRow.swift in Sources */,
				7A6A417929CCE5FF00E4F28C /* Dependency.swift in Sources */,
				7A847E7F29D6F02B0049FE3D /* IconsRepositoryMock.swift in Sources */,
				7A43C2AF299FC5BE00567700 /* BrawlerRarity.swift in Sources */,
				7A323CF0299BD27300E61906 /* ListResponse.swift in Sources */,
				7ACFE38429C768BF00A873C7 /* MapsView.swift in Sources */,
				7ACFE38929C86FD100A873C7 /* GameModeIds.swift in Sources */,
				7A43C298299EF2AB00567700 /* Color.swift in Sources */,
				7A847E8329D6F0E90049FE3D /* URL.swift in Sources */,
				7A43C28F299ECB2000567700 /* Event.swift in Sources */,
				7A43C2AB299FC51E00567700 /* Brawler.swift in Sources */,
				7A43C2B1299FC5C700567700 /* BrawlerClass.swift in Sources */,
				7AE6274B29DD9AE400F72369 /* RectPreferenceKey.swift in Sources */,
				7A6A417529CCE5D100E4F28C /* DependencyProvider.swift in Sources */,
				7A43C27B299EB07300567700 /* AppPath.swift in Sources */,
				7A323C9F299B940000E61906 /* Brawl_Stars_InsiderApp.swift in Sources */,
				7A90CC6629BE212700716A3F /* BrawlersView.swift in Sources */,
				7A43C281299EC1D800567700 /* GetEventsResponse.swift in Sources */,
				7A2F9C6729BDE9E500F1F7D7 /* Color+Generated.swift in Sources */,
				7A90CC6C29BE243000716A3F /* MainView.swift in Sources */,
				7A2F9C6529BDE9D500F1F7D7 /* Image+Generated.swift in Sources */,
				7ACFE38529C768BF00A873C7 /* MapsViewModel.swift in Sources */,
				7A0C223529B28A4C001C9A19 /* View.swift in Sources */,
				7A43C26E299E701000567700 /* BrawlifyEndpoint.swift in Sources */,
				7A43C2AD299FC53E00567700 /* BrawlerItem.swift in Sources */,
				7A847E8529D6F1DD0049FE3D /* ClubIconMock.swift in Sources */,
				7A2FC35D29BAB97A00FB920D /* Assets+Generated.swift in Sources */,
				7A0C223D29B3F607001C9A19 /* Provider.swift in Sources */,
				7A43C2A8299FC35B00567700 /* BrawlerStatView.swift in Sources */,
				7A43C2B3299FC68000567700 /* BrawlerMock.swift in Sources */,
				7A0C223B29B29204001C9A19 /* TabItem.swift in Sources */,
				7A43C286299EC7F100567700 /* GameMode.swift in Sources */,
				7AE6274629DB383800F72369 /* RoundedCornerShape.swift in Sources */,
				7A43C294299ECC1B00567700 /* EventsViewModel.swift in Sources */,
				7A90CC7229BE7CCD00716A3F /* TabBarShape.swift in Sources */,
				7A94FE9D29EC9D82004BAA78 /* StatsSorter.swift in Sources */,
				7A0C223829B29188001C9A19 /* CurveTabBar.swift in Sources */,
			);
			runOnlyForDeploymentPostprocessing = 0;
		};
		7A323CA7299B940100E61906 /* Sources */ = {
			isa = PBXSourcesBuildPhase;
			buildActionMask = 2147483647;
			files = (
				7A323CB0299B940100E61906 /* Brawl_Stars_InsiderTests.swift in Sources */,
			);
			runOnlyForDeploymentPostprocessing = 0;
		};
		7A323CB1299B940100E61906 /* Sources */ = {
			isa = PBXSourcesBuildPhase;
			buildActionMask = 2147483647;
			files = (
				7A323CBC299B940100E61906 /* Brawl_Stars_InsiderUITestsLaunchTests.swift in Sources */,
				7A323CBA299B940100E61906 /* Brawl_Stars_InsiderUITests.swift in Sources */,
			);
			runOnlyForDeploymentPostprocessing = 0;
		};
/* End PBXSourcesBuildPhase section */

/* Begin PBXTargetDependency section */
		7A323CAD299B940100E61906 /* PBXTargetDependency */ = {
			isa = PBXTargetDependency;
			target = 7A323C9A299B940000E61906 /* Brawl Stars Insider */;
			targetProxy = 7A323CAC299B940100E61906 /* PBXContainerItemProxy */;
		};
		7A323CB7299B940100E61906 /* PBXTargetDependency */ = {
			isa = PBXTargetDependency;
			target = 7A323C9A299B940000E61906 /* Brawl Stars Insider */;
			targetProxy = 7A323CB6299B940100E61906 /* PBXContainerItemProxy */;
		};
/* End PBXTargetDependency section */

/* Begin PBXVariantGroup section */
		7A2FC35A29BAB76700FB920D /* Localizations.plist */ = {
			isa = PBXVariantGroup;
			children = (
				7A2FC35929BAB76700FB920D /* en */,
				7A2FC35B29BAB76A00FB920D /* pl */,
			);
			name = Localizations.plist;
			sourceTree = "<group>";
		};
/* End PBXVariantGroup section */

/* Begin XCBuildConfiguration section */
		7A323CBD299B940100E61906 /* Debug */ = {
			isa = XCBuildConfiguration;
			buildSettings = {
				ALWAYS_SEARCH_USER_PATHS = NO;
				CLANG_ANALYZER_LOCALIZABILITY_NONLOCALIZED = YES;
				CLANG_ANALYZER_NONNULL = YES;
				CLANG_ANALYZER_NUMBER_OBJECT_CONVERSION = YES_AGGRESSIVE;
				CLANG_CXX_LANGUAGE_STANDARD = "gnu++20";
				CLANG_ENABLE_MODULES = YES;
				CLANG_ENABLE_OBJC_ARC = YES;
				CLANG_ENABLE_OBJC_WEAK = YES;
				CLANG_WARN_BLOCK_CAPTURE_AUTORELEASING = YES;
				CLANG_WARN_BOOL_CONVERSION = YES;
				CLANG_WARN_COMMA = YES;
				CLANG_WARN_CONSTANT_CONVERSION = YES;
				CLANG_WARN_DEPRECATED_OBJC_IMPLEMENTATIONS = YES;
				CLANG_WARN_DIRECT_OBJC_ISA_USAGE = YES_ERROR;
				CLANG_WARN_DOCUMENTATION_COMMENTS = YES;
				CLANG_WARN_EMPTY_BODY = YES;
				CLANG_WARN_ENUM_CONVERSION = YES;
				CLANG_WARN_INFINITE_RECURSION = YES;
				CLANG_WARN_INT_CONVERSION = YES;
				CLANG_WARN_NON_LITERAL_NULL_CONVERSION = YES;
				CLANG_WARN_OBJC_IMPLICIT_RETAIN_SELF = YES;
				CLANG_WARN_OBJC_LITERAL_CONVERSION = YES;
				CLANG_WARN_OBJC_ROOT_CLASS = YES_ERROR;
				CLANG_WARN_QUOTED_INCLUDE_IN_FRAMEWORK_HEADER = YES;
				CLANG_WARN_RANGE_LOOP_ANALYSIS = YES;
				CLANG_WARN_STRICT_PROTOTYPES = YES;
				CLANG_WARN_SUSPICIOUS_MOVE = YES;
				CLANG_WARN_UNGUARDED_AVAILABILITY = YES_AGGRESSIVE;
				CLANG_WARN_UNREACHABLE_CODE = YES;
				CLANG_WARN__DUPLICATE_METHOD_MATCH = YES;
				COPY_PHASE_STRIP = NO;
				DEBUG_INFORMATION_FORMAT = dwarf;
				ENABLE_STRICT_OBJC_MSGSEND = YES;
				ENABLE_TESTABILITY = YES;
				GCC_C_LANGUAGE_STANDARD = gnu11;
				GCC_DYNAMIC_NO_PIC = NO;
				GCC_NO_COMMON_BLOCKS = YES;
				GCC_OPTIMIZATION_LEVEL = 0;
				GCC_PREPROCESSOR_DEFINITIONS = (
					"DEBUG=1",
					"$(inherited)",
				);
				GCC_WARN_64_TO_32_BIT_CONVERSION = YES;
				GCC_WARN_ABOUT_RETURN_TYPE = YES_ERROR;
				GCC_WARN_UNDECLARED_SELECTOR = YES;
				GCC_WARN_UNINITIALIZED_AUTOS = YES_AGGRESSIVE;
				GCC_WARN_UNUSED_FUNCTION = YES;
				GCC_WARN_UNUSED_VARIABLE = YES;
				INFOPLIST_KEY_UIApplicationSceneManifest_Generation = YES;
				IPHONEOS_DEPLOYMENT_TARGET = 16.2;
				MTL_ENABLE_DEBUG_INFO = INCLUDE_SOURCE;
				MTL_FAST_MATH = YES;
				ONLY_ACTIVE_ARCH = YES;
				SDKROOT = iphoneos;
				SWIFT_ACTIVE_COMPILATION_CONDITIONS = DEBUG;
				SWIFT_OPTIMIZATION_LEVEL = "-Onone";
			};
			name = Debug;
		};
		7A323CBE299B940100E61906 /* Release */ = {
			isa = XCBuildConfiguration;
			buildSettings = {
				ALWAYS_SEARCH_USER_PATHS = NO;
				CLANG_ANALYZER_LOCALIZABILITY_NONLOCALIZED = YES;
				CLANG_ANALYZER_NONNULL = YES;
				CLANG_ANALYZER_NUMBER_OBJECT_CONVERSION = YES_AGGRESSIVE;
				CLANG_CXX_LANGUAGE_STANDARD = "gnu++20";
				CLANG_ENABLE_MODULES = YES;
				CLANG_ENABLE_OBJC_ARC = YES;
				CLANG_ENABLE_OBJC_WEAK = YES;
				CLANG_WARN_BLOCK_CAPTURE_AUTORELEASING = YES;
				CLANG_WARN_BOOL_CONVERSION = YES;
				CLANG_WARN_COMMA = YES;
				CLANG_WARN_CONSTANT_CONVERSION = YES;
				CLANG_WARN_DEPRECATED_OBJC_IMPLEMENTATIONS = YES;
				CLANG_WARN_DIRECT_OBJC_ISA_USAGE = YES_ERROR;
				CLANG_WARN_DOCUMENTATION_COMMENTS = YES;
				CLANG_WARN_EMPTY_BODY = YES;
				CLANG_WARN_ENUM_CONVERSION = YES;
				CLANG_WARN_INFINITE_RECURSION = YES;
				CLANG_WARN_INT_CONVERSION = YES;
				CLANG_WARN_NON_LITERAL_NULL_CONVERSION = YES;
				CLANG_WARN_OBJC_IMPLICIT_RETAIN_SELF = YES;
				CLANG_WARN_OBJC_LITERAL_CONVERSION = YES;
				CLANG_WARN_OBJC_ROOT_CLASS = YES_ERROR;
				CLANG_WARN_QUOTED_INCLUDE_IN_FRAMEWORK_HEADER = YES;
				CLANG_WARN_RANGE_LOOP_ANALYSIS = YES;
				CLANG_WARN_STRICT_PROTOTYPES = YES;
				CLANG_WARN_SUSPICIOUS_MOVE = YES;
				CLANG_WARN_UNGUARDED_AVAILABILITY = YES_AGGRESSIVE;
				CLANG_WARN_UNREACHABLE_CODE = YES;
				CLANG_WARN__DUPLICATE_METHOD_MATCH = YES;
				COPY_PHASE_STRIP = NO;
				DEBUG_INFORMATION_FORMAT = "dwarf-with-dsym";
				ENABLE_NS_ASSERTIONS = NO;
				ENABLE_STRICT_OBJC_MSGSEND = YES;
				GCC_C_LANGUAGE_STANDARD = gnu11;
				GCC_NO_COMMON_BLOCKS = YES;
				GCC_WARN_64_TO_32_BIT_CONVERSION = YES;
				GCC_WARN_ABOUT_RETURN_TYPE = YES_ERROR;
				GCC_WARN_UNDECLARED_SELECTOR = YES;
				GCC_WARN_UNINITIALIZED_AUTOS = YES_AGGRESSIVE;
				GCC_WARN_UNUSED_FUNCTION = YES;
				GCC_WARN_UNUSED_VARIABLE = YES;
				INFOPLIST_KEY_UIApplicationSceneManifest_Generation = YES;
				IPHONEOS_DEPLOYMENT_TARGET = 16.2;
				MTL_ENABLE_DEBUG_INFO = NO;
				MTL_FAST_MATH = YES;
				SDKROOT = iphoneos;
				SWIFT_COMPILATION_MODE = wholemodule;
				SWIFT_OPTIMIZATION_LEVEL = "-O";
				VALIDATE_PRODUCT = YES;
			};
			name = Release;
		};
		7A323CC0299B940100E61906 /* Debug */ = {
			isa = XCBuildConfiguration;
			buildSettings = {
				ASSETCATALOG_COMPILER_APPICON_NAME = AppIcon;
				ASSETCATALOG_COMPILER_GLOBAL_ACCENT_COLOR_NAME = AccentColor;
				CODE_SIGN_STYLE = Automatic;
				CURRENT_PROJECT_VERSION = 1;
				DEVELOPMENT_ASSET_PATHS = "\"Brawl Stars Insider/Preview Content\"";
				DEVELOPMENT_TEAM = D7353U5P45;
				ENABLE_PREVIEWS = YES;
				GENERATE_INFOPLIST_FILE = YES;
				INFOPLIST_KEY_LSApplicationCategoryType = "public.app-category.reference";
				INFOPLIST_KEY_UIApplicationSceneManifest_Generation = YES;
				INFOPLIST_KEY_UIApplicationSupportsIndirectInputEvents = YES;
				INFOPLIST_KEY_UILaunchScreen_Generation = YES;
				INFOPLIST_KEY_UIStatusBarStyle = "";
				INFOPLIST_KEY_UISupportedInterfaceOrientations = UIInterfaceOrientationPortrait;
				LD_RUNPATH_SEARCH_PATHS = (
					"$(inherited)",
					"@executable_path/Frameworks",
				);
				MARKETING_VERSION = 1.0;
				PRODUCT_BUNDLE_IDENTIFIER = "pl.zawislak.Brawl-Stars-Insider";
				PRODUCT_NAME = "$(TARGET_NAME)";
				SWIFT_EMIT_LOC_STRINGS = YES;
				SWIFT_VERSION = 5.0;
				TARGETED_DEVICE_FAMILY = "1,2";
			};
			name = Debug;
		};
		7A323CC1299B940100E61906 /* Release */ = {
			isa = XCBuildConfiguration;
			buildSettings = {
				ASSETCATALOG_COMPILER_APPICON_NAME = AppIcon;
				ASSETCATALOG_COMPILER_GLOBAL_ACCENT_COLOR_NAME = AccentColor;
				CODE_SIGN_STYLE = Automatic;
				CURRENT_PROJECT_VERSION = 1;
				DEVELOPMENT_ASSET_PATHS = "\"Brawl Stars Insider/Preview Content\"";
				DEVELOPMENT_TEAM = D7353U5P45;
				ENABLE_PREVIEWS = YES;
				GENERATE_INFOPLIST_FILE = YES;
				INFOPLIST_KEY_LSApplicationCategoryType = "public.app-category.reference";
				INFOPLIST_KEY_UIApplicationSceneManifest_Generation = YES;
				INFOPLIST_KEY_UIApplicationSupportsIndirectInputEvents = YES;
				INFOPLIST_KEY_UILaunchScreen_Generation = YES;
				INFOPLIST_KEY_UIStatusBarStyle = "";
				INFOPLIST_KEY_UISupportedInterfaceOrientations = UIInterfaceOrientationPortrait;
				LD_RUNPATH_SEARCH_PATHS = (
					"$(inherited)",
					"@executable_path/Frameworks",
				);
				MARKETING_VERSION = 1.0;
				PRODUCT_BUNDLE_IDENTIFIER = "pl.zawislak.Brawl-Stars-Insider";
				PRODUCT_NAME = "$(TARGET_NAME)";
				SWIFT_EMIT_LOC_STRINGS = YES;
				SWIFT_VERSION = 5.0;
				TARGETED_DEVICE_FAMILY = "1,2";
			};
			name = Release;
		};
		7A323CC3299B940100E61906 /* Debug */ = {
			isa = XCBuildConfiguration;
			buildSettings = {
				ALWAYS_EMBED_SWIFT_STANDARD_LIBRARIES = YES;
				BUNDLE_LOADER = "$(TEST_HOST)";
				CODE_SIGN_STYLE = Automatic;
				CURRENT_PROJECT_VERSION = 1;
				DEVELOPMENT_TEAM = D7353U5P45;
				GENERATE_INFOPLIST_FILE = YES;
				IPHONEOS_DEPLOYMENT_TARGET = 16.2;
				MARKETING_VERSION = 1.0;
				PRODUCT_BUNDLE_IDENTIFIER = "pl.zawislak.Brawl-Stars-InsiderTests";
				PRODUCT_NAME = "$(TARGET_NAME)";
				SWIFT_EMIT_LOC_STRINGS = NO;
				SWIFT_VERSION = 5.0;
				TARGETED_DEVICE_FAMILY = "1,2";
				TEST_HOST = "$(BUILT_PRODUCTS_DIR)/Brawl Stars Insider.app/$(BUNDLE_EXECUTABLE_FOLDER_PATH)/Brawl Stars Insider";
			};
			name = Debug;
		};
		7A323CC4299B940100E61906 /* Release */ = {
			isa = XCBuildConfiguration;
			buildSettings = {
				ALWAYS_EMBED_SWIFT_STANDARD_LIBRARIES = YES;
				BUNDLE_LOADER = "$(TEST_HOST)";
				CODE_SIGN_STYLE = Automatic;
				CURRENT_PROJECT_VERSION = 1;
				DEVELOPMENT_TEAM = D7353U5P45;
				GENERATE_INFOPLIST_FILE = YES;
				IPHONEOS_DEPLOYMENT_TARGET = 16.2;
				MARKETING_VERSION = 1.0;
				PRODUCT_BUNDLE_IDENTIFIER = "pl.zawislak.Brawl-Stars-InsiderTests";
				PRODUCT_NAME = "$(TARGET_NAME)";
				SWIFT_EMIT_LOC_STRINGS = NO;
				SWIFT_VERSION = 5.0;
				TARGETED_DEVICE_FAMILY = "1,2";
				TEST_HOST = "$(BUILT_PRODUCTS_DIR)/Brawl Stars Insider.app/$(BUNDLE_EXECUTABLE_FOLDER_PATH)/Brawl Stars Insider";
			};
			name = Release;
		};
		7A323CC6299B940100E61906 /* Debug */ = {
			isa = XCBuildConfiguration;
			buildSettings = {
				ALWAYS_EMBED_SWIFT_STANDARD_LIBRARIES = YES;
				CODE_SIGN_STYLE = Automatic;
				CURRENT_PROJECT_VERSION = 1;
				DEVELOPMENT_TEAM = D7353U5P45;
				GENERATE_INFOPLIST_FILE = YES;
				MARKETING_VERSION = 1.0;
				PRODUCT_BUNDLE_IDENTIFIER = "pl.zawislak.Brawl-Stars-InsiderUITests";
				PRODUCT_NAME = "$(TARGET_NAME)";
				SWIFT_EMIT_LOC_STRINGS = NO;
				SWIFT_VERSION = 5.0;
				TARGETED_DEVICE_FAMILY = "1,2";
				TEST_TARGET_NAME = "Brawl Stars Insider";
			};
			name = Debug;
		};
		7A323CC7299B940100E61906 /* Release */ = {
			isa = XCBuildConfiguration;
			buildSettings = {
				ALWAYS_EMBED_SWIFT_STANDARD_LIBRARIES = YES;
				CODE_SIGN_STYLE = Automatic;
				CURRENT_PROJECT_VERSION = 1;
				DEVELOPMENT_TEAM = D7353U5P45;
				GENERATE_INFOPLIST_FILE = YES;
				MARKETING_VERSION = 1.0;
				PRODUCT_BUNDLE_IDENTIFIER = "pl.zawislak.Brawl-Stars-InsiderUITests";
				PRODUCT_NAME = "$(TARGET_NAME)";
				SWIFT_EMIT_LOC_STRINGS = NO;
				SWIFT_VERSION = 5.0;
				TARGETED_DEVICE_FAMILY = "1,2";
				TEST_TARGET_NAME = "Brawl Stars Insider";
			};
			name = Release;
		};
/* End XCBuildConfiguration section */

/* Begin XCConfigurationList section */
		7A323C96299B940000E61906 /* Build configuration list for PBXProject "Brawl Stars Insider" */ = {
			isa = XCConfigurationList;
			buildConfigurations = (
				7A323CBD299B940100E61906 /* Debug */,
				7A323CBE299B940100E61906 /* Release */,
			);
			defaultConfigurationIsVisible = 0;
			defaultConfigurationName = Release;
		};
		7A323CBF299B940100E61906 /* Build configuration list for PBXNativeTarget "Brawl Stars Insider" */ = {
			isa = XCConfigurationList;
			buildConfigurations = (
				7A323CC0299B940100E61906 /* Debug */,
				7A323CC1299B940100E61906 /* Release */,
			);
			defaultConfigurationIsVisible = 0;
			defaultConfigurationName = Release;
		};
		7A323CC2299B940100E61906 /* Build configuration list for PBXNativeTarget "Brawl Stars InsiderTests" */ = {
			isa = XCConfigurationList;
			buildConfigurations = (
				7A323CC3299B940100E61906 /* Debug */,
				7A323CC4299B940100E61906 /* Release */,
			);
			defaultConfigurationIsVisible = 0;
			defaultConfigurationName = Release;
		};
		7A323CC5299B940100E61906 /* Build configuration list for PBXNativeTarget "Brawl Stars InsiderUITests" */ = {
			isa = XCConfigurationList;
			buildConfigurations = (
				7A323CC6299B940100E61906 /* Debug */,
				7A323CC7299B940100E61906 /* Release */,
			);
			defaultConfigurationIsVisible = 0;
			defaultConfigurationName = Release;
		};
/* End XCConfigurationList section */

/* Begin XCRemoteSwiftPackageReference section */
		7A0C223E29B3F632001C9A19 /* XCRemoteSwiftPackageReference "Alamofire" */ = {
			isa = XCRemoteSwiftPackageReference;
			repositoryURL = "https://github.com/Alamofire/Alamofire";
			requirement = {
				kind = upToNextMajorVersion;
				minimumVersion = 5.0.0;
			};
		};
		7A43C276299E8ECB00567700 /* XCRemoteSwiftPackageReference "Kingfisher" */ = {
			isa = XCRemoteSwiftPackageReference;
			repositoryURL = "https://github.com/onevcat/Kingfisher";
			requirement = {
				kind = upToNextMajorVersion;
				minimumVersion = 7.0.0;
			};
		};
/* End XCRemoteSwiftPackageReference section */

/* Begin XCSwiftPackageProductDependency section */
		7A0C223F29B3F632001C9A19 /* Alamofire */ = {
			isa = XCSwiftPackageProductDependency;
			package = 7A0C223E29B3F632001C9A19 /* XCRemoteSwiftPackageReference "Alamofire" */;
			productName = Alamofire;
		};
		7A43C277299E8ECB00567700 /* Kingfisher */ = {
			isa = XCSwiftPackageProductDependency;
			package = 7A43C276299E8ECB00567700 /* XCRemoteSwiftPackageReference "Kingfisher" */;
			productName = Kingfisher;
		};
/* End XCSwiftPackageProductDependency section */
	};
	rootObject = 7A323C93299B940000E61906 /* Project object */;
}
