// !$*UTF8*$!
{
	archiveVersion = 1;
	classes = {
	};
	objectVersion = 56;
	objects = {

/* Begin PBXBuildFile section */
		7A323C9F299B940000E61906 /* Brawl_Stars_InsiderApp.swift in Sources */ = {isa = PBXBuildFile; fileRef = 7A323C9E299B940000E61906 /* Brawl_Stars_InsiderApp.swift */; };
		7A323CA1299B940000E61906 /* ContentView.swift in Sources */ = {isa = PBXBuildFile; fileRef = 7A323CA0299B940000E61906 /* ContentView.swift */; };
		7A323CA3299B940100E61906 /* Assets.xcassets in Resources */ = {isa = PBXBuildFile; fileRef = 7A323CA2299B940100E61906 /* Assets.xcassets */; };
		7A323CA6299B940100E61906 /* Preview Assets.xcassets in Resources */ = {isa = PBXBuildFile; fileRef = 7A323CA5299B940100E61906 /* Preview Assets.xcassets */; };
		7A323CB0299B940100E61906 /* Brawl_Stars_InsiderTests.swift in Sources */ = {isa = PBXBuildFile; fileRef = 7A323CAF299B940100E61906 /* Brawl_Stars_InsiderTests.swift */; };
		7A323CBA299B940100E61906 /* Brawl_Stars_InsiderUITests.swift in Sources */ = {isa = PBXBuildFile; fileRef = 7A323CB9299B940100E61906 /* Brawl_Stars_InsiderUITests.swift */; };
		7A323CBC299B940100E61906 /* Brawl_Stars_InsiderUITestsLaunchTests.swift in Sources */ = {isa = PBXBuildFile; fileRef = 7A323CBB299B940100E61906 /* Brawl_Stars_InsiderUITestsLaunchTests.swift */; };
/* End PBXBuildFile section */

/* Begin PBXContainerItemProxy section */
		7A323CAC299B940100E61906 /* PBXContainerItemProxy */ = {
			isa = PBXContainerItemProxy;
			containerPortal = 7A323C93299B940000E61906 /* Project object */;
			proxyType = 1;
			remoteGlobalIDString = 7A323C9A299B940000E61906;
			remoteInfo = "Brawl Stars Insider";
		};
		7A323CB6299B940100E61906 /* PBXContainerItemProxy */ = {
			isa = PBXContainerItemProxy;
			containerPortal = 7A323C93299B940000E61906 /* Project object */;
			proxyType = 1;
			remoteGlobalIDString = 7A323C9A299B940000E61906;
			remoteInfo = "Brawl Stars Insider";
		};
/* End PBXContainerItemProxy section */

/* Begin PBXFileReference section */
		7A323C9B299B940000E61906 /* Brawl Stars Insider.app */ = {isa = PBXFileReference; explicitFileType = wrapper.application; includeInIndex = 0; path = "Brawl Stars Insider.app"; sourceTree = BUILT_PRODUCTS_DIR; };
		7A323C9E299B940000E61906 /* Brawl_Stars_InsiderApp.swift */ = {isa = PBXFileReference; lastKnownFileType = sourcecode.swift; path = Brawl_Stars_InsiderApp.swift; sourceTree = "<group>"; };
		7A323CA0299B940000E61906 /* ContentView.swift */ = {isa = PBXFileReference; lastKnownFileType = sourcecode.swift; path = ContentView.swift; sourceTree = "<group>"; };
		7A323CA2299B940100E61906 /* Assets.xcassets */ = {isa = PBXFileReference; lastKnownFileType = folder.assetcatalog; path = Assets.xcassets; sourceTree = "<group>"; };
		7A323CA5299B940100E61906 /* Preview Assets.xcassets */ = {isa = PBXFileReference; lastKnownFileType = folder.assetcatalog; path = "Preview Assets.xcassets"; sourceTree = "<group>"; };
		7A323CAB299B940100E61906 /* Brawl Stars InsiderTests.xctest */ = {isa = PBXFileReference; explicitFileType = wrapper.cfbundle; includeInIndex = 0; path = "Brawl Stars InsiderTests.xctest"; sourceTree = BUILT_PRODUCTS_DIR; };
		7A323CAF299B940100E61906 /* Brawl_Stars_InsiderTests.swift */ = {isa = PBXFileReference; lastKnownFileType = sourcecode.swift; path = Brawl_Stars_InsiderTests.swift; sourceTree = "<group>"; };
		7A323CB5299B940100E61906 /* Brawl Stars InsiderUITests.xctest */ = {isa = PBXFileReference; explicitFileType = wrapper.cfbundle; includeInIndex = 0; path = "Brawl Stars InsiderUITests.xctest"; sourceTree = BUILT_PRODUCTS_DIR; };
		7A323CB9299B940100E61906 /* Brawl_Stars_InsiderUITests.swift */ = {isa = PBXFileReference; lastKnownFileType = sourcecode.swift; path = Brawl_Stars_InsiderUITests.swift; sourceTree = "<group>"; };
		7A323CBB299B940100E61906 /* Brawl_Stars_InsiderUITestsLaunchTests.swift */ = {isa = PBXFileReference; lastKnownFileType = sourcecode.swift; path = Brawl_Stars_InsiderUITestsLaunchTests.swift; sourceTree = "<group>"; };
/* End PBXFileReference section */

/* Begin PBXFrameworksBuildPhase section */
		7A323C98299B940000E61906 /* Frameworks */ = {
			isa = PBXFrameworksBuildPhase;
			buildActionMask = 2147483647;
			files = (
			);
			runOnlyForDeploymentPostprocessing = 0;
		};
		7A323CA8299B940100E61906 /* Frameworks */ = {
			isa = PBXFrameworksBuildPhase;
			buildActionMask = 2147483647;
			files = (
			);
			runOnlyForDeploymentPostprocessing = 0;
		};
		7A323CB2299B940100E61906 /* Frameworks */ = {
			isa = PBXFrameworksBuildPhase;
			buildActionMask = 2147483647;
			files = (
			);
			runOnlyForDeploymentPostprocessing = 0;
		};
/* End PBXFrameworksBuildPhase section */

/* Begin PBXGroup section */
		7A323C92299B940000E61906 = {
			isa = PBXGroup;
			children = (
				7A323C9D299B940000E61906 /* Brawl Stars Insider */,
				7A323CAE299B940100E61906 /* Brawl Stars InsiderTests */,
				7A323CB8299B940100E61906 /* Brawl Stars InsiderUITests */,
				7A323C9C299B940000E61906 /* Products */,
			);
			sourceTree = "<group>";
		};
		7A323C9C299B940000E61906 /* Products */ = {
			isa = PBXGroup;
			children = (
				7A323C9B299B940000E61906 /* Brawl Stars Insider.app */,
				7A323CAB299B940100E61906 /* Brawl Stars InsiderTests.xctest */,
				7A323CB5299B940100E61906 /* Brawl Stars InsiderUITests.xctest */,
			);
			name = Products;
			sourceTree = "<group>";
		};
		7A323C9D299B940000E61906 /* Brawl Stars Insider */ = {
			isa = PBXGroup;
			children = (
				7A323C9E299B940000E61906 /* Brawl_Stars_InsiderApp.swift */,
				7A323CA0299B940000E61906 /* ContentView.swift */,
				7A323CA2299B940100E61906 /* Assets.xcassets */,
				7A323CA4299B940100E61906 /* Preview Content */,
			);
			path = "Brawl Stars Insider";
			sourceTree = "<group>";
		};
		7A323CA4299B940100E61906 /* Preview Content */ = {
			isa = PBXGroup;
			children = (
				7A323CA5299B940100E61906 /* Preview Assets.xcassets */,
			);
			path = "Preview Content";
			sourceTree = "<group>";
		};
		7A323CAE299B940100E61906 /* Brawl Stars InsiderTests */ = {
			isa = PBXGroup;
			children = (
				7A323CAF299B940100E61906 /* Brawl_Stars_InsiderTests.swift */,
			);
			path = "Brawl Stars InsiderTests";
			sourceTree = "<group>";
		};
		7A323CB8299B940100E61906 /* Brawl Stars InsiderUITests */ = {
			isa = PBXGroup;
			children = (
				7A323CB9299B940100E61906 /* Brawl_Stars_InsiderUITests.swift */,
				7A323CBB299B940100E61906 /* Brawl_Stars_InsiderUITestsLaunchTests.swift */,
			);
			path = "Brawl Stars InsiderUITests";
			sourceTree = "<group>";
		};
/* End PBXGroup section */

/* Begin PBXNativeTarget section */
		7A323C9A299B940000E61906 /* Brawl Stars Insider */ = {
			isa = PBXNativeTarget;
			buildConfigurationList = 7A323CBF299B940100E61906 /* Build configuration list for PBXNativeTarget "Brawl Stars Insider" */;
			buildPhases = (
				7A323C97299B940000E61906 /* Sources */,
				7A323C98299B940000E61906 /* Frameworks */,
				7A323C99299B940000E61906 /* Resources */,
			);
			buildRules = (
			);
			dependencies = (
			);
			name = "Brawl Stars Insider";
			productName = "Brawl Stars Insider";
			productReference = 7A323C9B299B940000E61906 /* Brawl Stars Insider.app */;
			productType = "com.apple.product-type.application";
		};
		7A323CAA299B940100E61906 /* Brawl Stars InsiderTests */ = {
			isa = PBXNativeTarget;
			buildConfigurationList = 7A323CC2299B940100E61906 /* Build configuration list for PBXNativeTarget "Brawl Stars InsiderTests" */;
			buildPhases = (
				7A323CA7299B940100E61906 /* Sources */,
				7A323CA8299B940100E61906 /* Frameworks */,
				7A323CA9299B940100E61906 /* Resources */,
			);
			buildRules = (
			);
			dependencies = (
				7A323CAD299B940100E61906 /* PBXTargetDependency */,
			);
			name = "Brawl Stars InsiderTests";
			productName = "Brawl Stars InsiderTests";
			productReference = 7A323CAB299B940100E61906 /* Brawl Stars InsiderTests.xctest */;
			productType = "com.apple.product-type.bundle.unit-test";
		};
		7A323CB4299B940100E61906 /* Brawl Stars InsiderUITests */ = {
			isa = PBXNativeTarget;
			buildConfigurationList = 7A323CC5299B940100E61906 /* Build configuration list for PBXNativeTarget "Brawl Stars InsiderUITests" */;
			buildPhases = (
				7A323CB1299B940100E61906 /* Sources */,
				7A323CB2299B940100E61906 /* Frameworks */,
				7A323CB3299B940100E61906 /* Resources */,
			);
			buildRules = (
			);
			dependencies = (
				7A323CB7299B940100E61906 /* PBXTargetDependency */,
			);
			name = "Brawl Stars InsiderUITests";
			productName = "Brawl Stars InsiderUITests";
			productReference = 7A323CB5299B940100E61906 /* Brawl Stars InsiderUITests.xctest */;
			productType = "com.apple.product-type.bundle.ui-testing";
		};
/* End PBXNativeTarget section */

/* Begin PBXProject section */
		7A323C93299B940000E61906 /* Project object */ = {
			isa = PBXProject;
			attributes = {
				BuildIndependentTargetsInParallel = 1;
				LastSwiftUpdateCheck = 1420;
				LastUpgradeCheck = 1420;
				TargetAttributes = {
					7A323C9A299B940000E61906 = {
						CreatedOnToolsVersion = 14.2;
					};
					7A323CAA299B940100E61906 = {
						CreatedOnToolsVersion = 14.2;
						TestTargetID = 7A323C9A299B940000E61906;
					};
					7A323CB4299B940100E61906 = {
						CreatedOnToolsVersion = 14.2;
						TestTargetID = 7A323C9A299B940000E61906;
					};
				};
			};
			buildConfigurationList = 7A323C96299B940000E61906 /* Build configuration list for PBXProject "Brawl Stars Insider" */;
			compatibilityVersion = "Xcode 14.0";
			developmentRegion = en;
			hasScannedForEncodings = 0;
			knownRegions = (
				en,
				Base,
			);
			mainGroup = 7A323C92299B940000E61906;
			productRefGroup = 7A323C9C299B940000E61906 /* Products */;
			projectDirPath = "";
			projectRoot = "";
			targets = (
				7A323C9A299B940000E61906 /* Brawl Stars Insider */,
				7A323CAA299B940100E61906 /* Brawl Stars InsiderTests */,
				7A323CB4299B940100E61906 /* Brawl Stars InsiderUITests */,
			);
		};
/* End PBXProject section */

/* Begin PBXResourcesBuildPhase section */
		7A323C99299B940000E61906 /* Resources */ = {
			isa = PBXResourcesBuildPhase;
			buildActionMask = 2147483647;
			files = (
				7A323CA6299B940100E61906 /* Preview Assets.xcassets in Resources */,
				7A323CA3299B940100E61906 /* Assets.xcassets in Resources */,
			);
			runOnlyForDeploymentPostprocessing = 0;
		};
		7A323CA9299B940100E61906 /* Resources */ = {
			isa = PBXResourcesBuildPhase;
			buildActionMask = 2147483647;
			files = (
			);
			runOnlyForDeploymentPostprocessing = 0;
		};
		7A323CB3299B940100E61906 /* Resources */ = {
			isa = PBXResourcesBuildPhase;
			buildActionMask = 2147483647;
			files = (
			);
			runOnlyForDeploymentPostprocessing = 0;
		};
/* End PBXResourcesBuildPhase section */

/* Begin PBXSourcesBuildPhase section */
		7A323C97299B940000E61906 /* Sources */ = {
			isa = PBXSourcesBuildPhase;
			buildActionMask = 2147483647;
			files = (
				7A323CA1299B940000E61906 /* ContentView.swift in Sources */,
				7A323C9F299B940000E61906 /* Brawl_Stars_InsiderApp.swift in Sources */,
			);
			runOnlyForDeploymentPostprocessing = 0;
		};
		7A323CA7299B940100E61906 /* Sources */ = {
			isa = PBXSourcesBuildPhase;
			buildActionMask = 2147483647;
			files = (
				7A323CB0299B940100E61906 /* Brawl_Stars_InsiderTests.swift in Sources */,
			);
			runOnlyForDeploymentPostprocessing = 0;
		};
		7A323CB1299B940100E61906 /* Sources */ = {
			isa = PBXSourcesBuildPhase;
			buildActionMask = 2147483647;
			files = (
				7A323CBC299B940100E61906 /* Brawl_Stars_InsiderUITestsLaunchTests.swift in Sources */,
				7A323CBA299B940100E61906 /* Brawl_Stars_InsiderUITests.swift in Sources */,
			);
			runOnlyForDeploymentPostprocessing = 0;
		};
/* End PBXSourcesBuildPhase section */

/* Begin PBXTargetDependency section */
		7A323CAD299B940100E61906 /* PBXTargetDependency */ = {
			isa = PBXTargetDependency;
			target = 7A323C9A299B940000E61906 /* Brawl Stars Insider */;
			targetProxy = 7A323CAC299B940100E61906 /* PBXContainerItemProxy */;
		};
		7A323CB7299B940100E61906 /* PBXTargetDependency */ = {
			isa = PBXTargetDependency;
			target = 7A323C9A299B940000E61906 /* Brawl Stars Insider */;
			targetProxy = 7A323CB6299B940100E61906 /* PBXContainerItemProxy */;
		};
/* End PBXTargetDependency section */

/* Begin XCBuildConfiguration section */
		7A323CBD299B940100E61906 /* Debug */ = {
			isa = XCBuildConfiguration;
			buildSettings = {
				ALWAYS_SEARCH_USER_PATHS = NO;
				CLANG_ANALYZER_NONNULL = YES;
				CLANG_ANALYZER_NUMBER_OBJECT_CONVERSION = YES_AGGRESSIVE;
				CLANG_CXX_LANGUAGE_STANDARD = "gnu++20";
				CLANG_ENABLE_MODULES = YES;
				CLANG_ENABLE_OBJC_ARC = YES;
				CLANG_ENABLE_OBJC_WEAK = YES;
				CLANG_WARN_BLOCK_CAPTURE_AUTORELEASING = YES;
				CLANG_WARN_BOOL_CONVERSION = YES;
				CLANG_WARN_COMMA = YES;
				CLANG_WARN_CONSTANT_CONVERSION = YES;
				CLANG_WARN_DEPRECATED_OBJC_IMPLEMENTATIONS = YES;
				CLANG_WARN_DIRECT_OBJC_ISA_USAGE = YES_ERROR;
				CLANG_WARN_DOCUMENTATION_COMMENTS = YES;
				CLANG_WARN_EMPTY_BODY = YES;
				CLANG_WARN_ENUM_CONVERSION = YES;
				CLANG_WARN_INFINITE_RECURSION = YES;
				CLANG_WARN_INT_CONVERSION = YES;
				CLANG_WARN_NON_LITERAL_NULL_CONVERSION = YES;
				CLANG_WARN_OBJC_IMPLICIT_RETAIN_SELF = YES;
				CLANG_WARN_OBJC_LITERAL_CONVERSION = YES;
				CLANG_WARN_OBJC_ROOT_CLASS = YES_ERROR;
				CLANG_WARN_QUOTED_INCLUDE_IN_FRAMEWORK_HEADER = YES;
				CLANG_WARN_RANGE_LOOP_ANALYSIS = YES;
				CLANG_WARN_STRICT_PROTOTYPES = YES;
				CLANG_WARN_SUSPICIOUS_MOVE = YES;
				CLANG_WARN_UNGUARDED_AVAILABILITY = YES_AGGRESSIVE;
				CLANG_WARN_UNREACHABLE_CODE = YES;
				CLANG_WARN__DUPLICATE_METHOD_MATCH = YES;
				COPY_PHASE_STRIP = NO;
				DEBUG_INFORMATION_FORMAT = dwarf;
				ENABLE_STRICT_OBJC_MSGSEND = YES;
				ENABLE_TESTABILITY = YES;
				GCC_C_LANGUAGE_STANDARD = gnu11;
				GCC_DYNAMIC_NO_PIC = NO;
				GCC_NO_COMMON_BLOCKS = YES;
				GCC_OPTIMIZATION_LEVEL = 0;
				GCC_PREPROCESSOR_DEFINITIONS = (
					"DEBUG=1",
					"$(inherited)",
				);
				GCC_WARN_64_TO_32_BIT_CONVERSION = YES;
				GCC_WARN_ABOUT_RETURN_TYPE = YES_ERROR;
				GCC_WARN_UNDECLARED_SELECTOR = YES;
				GCC_WARN_UNINITIALIZED_AUTOS = YES_AGGRESSIVE;
				GCC_WARN_UNUSED_FUNCTION = YES;
				GCC_WARN_UNUSED_VARIABLE = YES;
				IPHONEOS_DEPLOYMENT_TARGET = 16.2;
				MTL_ENABLE_DEBUG_INFO = INCLUDE_SOURCE;
				MTL_FAST_MATH = YES;
				ONLY_ACTIVE_ARCH = YES;
				SDKROOT = iphoneos;
				SWIFT_ACTIVE_COMPILATION_CONDITIONS = DEBUG;
				SWIFT_OPTIMIZATION_LEVEL = "-Onone";
			};
			name = Debug;
		};
		7A323CBE299B940100E61906 /* Release */ = {
			isa = XCBuildConfiguration;
			buildSettings = {
				ALWAYS_SEARCH_USER_PATHS = NO;
				CLANG_ANALYZER_NONNULL = YES;
				CLANG_ANALYZER_NUMBER_OBJECT_CONVERSION = YES_AGGRESSIVE;
				CLANG_CXX_LANGUAGE_STANDARD = "gnu++20";
				CLANG_ENABLE_MODULES = YES;
				CLANG_ENABLE_OBJC_ARC = YES;
				CLANG_ENABLE_OBJC_WEAK = YES;
				CLANG_WARN_BLOCK_CAPTURE_AUTORELEASING = YES;
				CLANG_WARN_BOOL_CONVERSION = YES;
				CLANG_WARN_COMMA = YES;
				CLANG_WARN_CONSTANT_CONVERSION = YES;
				CLANG_WARN_DEPRECATED_OBJC_IMPLEMENTATIONS = YES;
				CLANG_WARN_DIRECT_OBJC_ISA_USAGE = YES_ERROR;
				CLANG_WARN_DOCUMENTATION_COMMENTS = YES;
				CLANG_WARN_EMPTY_BODY = YES;
				CLANG_WARN_ENUM_CONVERSION = YES;
				CLANG_WARN_INFINITE_RECURSION = YES;
				CLANG_WARN_INT_CONVERSION = YES;
				CLANG_WARN_NON_LITERAL_NULL_CONVERSION = YES;
				CLANG_WARN_OBJC_IMPLICIT_RETAIN_SELF = YES;
				CLANG_WARN_OBJC_LITERAL_CONVERSION = YES;
				CLANG_WARN_OBJC_ROOT_CLASS = YES_ERROR;
				CLANG_WARN_QUOTED_INCLUDE_IN_FRAMEWORK_HEADER = YES;
				CLANG_WARN_RANGE_LOOP_ANALYSIS = YES;
				CLANG_WARN_STRICT_PROTOTYPES = YES;
				CLANG_WARN_SUSPICIOUS_MOVE = YES;
				CLANG_WARN_UNGUARDED_AVAILABILITY = YES_AGGRESSIVE;
				CLANG_WARN_UNREACHABLE_CODE = YES;
				CLANG_WARN__DUPLICATE_METHOD_MATCH = YES;
				COPY_PHASE_STRIP = NO;
				DEBUG_INFORMATION_FORMAT = "dwarf-with-dsym";
				ENABLE_NS_ASSERTIONS = NO;
				ENABLE_STRICT_OBJC_MSGSEND = YES;
				GCC_C_LANGUAGE_STANDARD = gnu11;
				GCC_NO_COMMON_BLOCKS = YES;
				GCC_WARN_64_TO_32_BIT_CONVERSION = YES;
				GCC_WARN_ABOUT_RETURN_TYPE = YES_ERROR;
				GCC_WARN_UNDECLARED_SELECTOR = YES;
				GCC_WARN_UNINITIALIZED_AUTOS = YES_AGGRESSIVE;
				GCC_WARN_UNUSED_FUNCTION = YES;
				GCC_WARN_UNUSED_VARIABLE = YES;
				IPHONEOS_DEPLOYMENT_TARGET = 16.2;
				MTL_ENABLE_DEBUG_INFO = NO;
				MTL_FAST_MATH = YES;
				SDKROOT = iphoneos;
				SWIFT_COMPILATION_MODE = wholemodule;
				SWIFT_OPTIMIZATION_LEVEL = "-O";
				VALIDATE_PRODUCT = YES;
			};
			name = Release;
		};
		7A323CC0299B940100E61906 /* Debug */ = {
			isa = XCBuildConfiguration;
			buildSettings = {
				ASSETCATALOG_COMPILER_APPICON_NAME = AppIcon;
				ASSETCATALOG_COMPILER_GLOBAL_ACCENT_COLOR_NAME = AccentColor;
				CODE_SIGN_STYLE = Automatic;
				CURRENT_PROJECT_VERSION = 1;
				DEVELOPMENT_ASSET_PATHS = "\"Brawl Stars Insider/Preview Content\"";
				DEVELOPMENT_TEAM = D7353U5P45;
				ENABLE_PREVIEWS = YES;
				GENERATE_INFOPLIST_FILE = YES;
				INFOPLIST_KEY_UIApplicationSceneManifest_Generation = YES;
				INFOPLIST_KEY_UIApplicationSupportsIndirectInputEvents = YES;
				INFOPLIST_KEY_UILaunchScreen_Generation = YES;
				INFOPLIST_KEY_UISupportedInterfaceOrientations_iPad = "UIInterfaceOrientationPortrait UIInterfaceOrientationPortraitUpsideDown UIInterfaceOrientationLandscapeLeft UIInterfaceOrientationLandscapeRight";
				INFOPLIST_KEY_UISupportedInterfaceOrientations_iPhone = "UIInterfaceOrientationPortrait UIInterfaceOrientationLandscapeLeft UIInterfaceOrientationLandscapeRight";
				LD_RUNPATH_SEARCH_PATHS = (
					"$(inherited)",
					"@executable_path/Frameworks",
				);
				MARKETING_VERSION = 1.0;
				PRODUCT_BUNDLE_IDENTIFIER = "pl.zawislak.Brawl-Stars-Insider";
				PRODUCT_NAME = "$(TARGET_NAME)";
				SWIFT_EMIT_LOC_STRINGS = YES;
				SWIFT_VERSION = 5.0;
				TARGETED_DEVICE_FAMILY = "1,2";
			};
			name = Debug;
		};
		7A323CC1299B940100E61906 /* Release */ = {
			isa = XCBuildConfiguration;
			buildSettings = {
				ASSETCATALOG_COMPILER_APPICON_NAME = AppIcon;
				ASSETCATALOG_COMPILER_GLOBAL_ACCENT_COLOR_NAME = AccentColor;
				CODE_SIGN_STYLE = Automatic;
				CURRENT_PROJECT_VERSION = 1;
				DEVELOPMENT_ASSET_PATHS = "\"Brawl Stars Insider/Preview Content\"";
				DEVELOPMENT_TEAM = D7353U5P45;
				ENABLE_PREVIEWS = YES;
				GENERATE_INFOPLIST_FILE = YES;
				INFOPLIST_KEY_UIApplicationSceneManifest_Generation = YES;
				INFOPLIST_KEY_UIApplicationSupportsIndirectInputEvents = YES;
				INFOPLIST_KEY_UILaunchScreen_Generation = YES;
				INFOPLIST_KEY_UISupportedInterfaceOrientations_iPad = "UIInterfaceOrientationPortrait UIInterfaceOrientationPortraitUpsideDown UIInterfaceOrientationLandscapeLeft UIInterfaceOrientationLandscapeRight";
				INFOPLIST_KEY_UISupportedInterfaceOrientations_iPhone = "UIInterfaceOrientationPortrait UIInterfaceOrientationLandscapeLeft UIInterfaceOrientationLandscapeRight";
				LD_RUNPATH_SEARCH_PATHS = (
					"$(inherited)",
					"@executable_path/Frameworks",
				);
				MARKETING_VERSION = 1.0;
				PRODUCT_BUNDLE_IDENTIFIER = "pl.zawislak.Brawl-Stars-Insider";
				PRODUCT_NAME = "$(TARGET_NAME)";
				SWIFT_EMIT_LOC_STRINGS = YES;
				SWIFT_VERSION = 5.0;
				TARGETED_DEVICE_FAMILY = "1,2";
			};
			name = Release;
		};
		7A323CC3299B940100E61906 /* Debug */ = {
			isa = XCBuildConfiguration;
			buildSettings = {
				ALWAYS_EMBED_SWIFT_STANDARD_LIBRARIES = YES;
				BUNDLE_LOADER = "$(TEST_HOST)";
				CODE_SIGN_STYLE = Automatic;
				CURRENT_PROJECT_VERSION = 1;
				DEVELOPMENT_TEAM = D7353U5P45;
				GENERATE_INFOPLIST_FILE = YES;
				IPHONEOS_DEPLOYMENT_TARGET = 16.2;
				MARKETING_VERSION = 1.0;
				PRODUCT_BUNDLE_IDENTIFIER = "pl.zawislak.Brawl-Stars-InsiderTests";
				PRODUCT_NAME = "$(TARGET_NAME)";
				SWIFT_EMIT_LOC_STRINGS = NO;
				SWIFT_VERSION = 5.0;
				TARGETED_DEVICE_FAMILY = "1,2";
				TEST_HOST = "$(BUILT_PRODUCTS_DIR)/Brawl Stars Insider.app/$(BUNDLE_EXECUTABLE_FOLDER_PATH)/Brawl Stars Insider";
			};
			name = Debug;
		};
		7A323CC4299B940100E61906 /* Release */ = {
			isa = XCBuildConfiguration;
			buildSettings = {
				ALWAYS_EMBED_SWIFT_STANDARD_LIBRARIES = YES;
				BUNDLE_LOADER = "$(TEST_HOST)";
				CODE_SIGN_STYLE = Automatic;
				CURRENT_PROJECT_VERSION = 1;
				DEVELOPMENT_TEAM = D7353U5P45;
				GENERATE_INFOPLIST_FILE = YES;
				IPHONEOS_DEPLOYMENT_TARGET = 16.2;
				MARKETING_VERSION = 1.0;
				PRODUCT_BUNDLE_IDENTIFIER = "pl.zawislak.Brawl-Stars-InsiderTests";
				PRODUCT_NAME = "$(TARGET_NAME)";
				SWIFT_EMIT_LOC_STRINGS = NO;
				SWIFT_VERSION = 5.0;
				TARGETED_DEVICE_FAMILY = "1,2";
				TEST_HOST = "$(BUILT_PRODUCTS_DIR)/Brawl Stars Insider.app/$(BUNDLE_EXECUTABLE_FOLDER_PATH)/Brawl Stars Insider";
			};
			name = Release;
		};
		7A323CC6299B940100E61906 /* Debug */ = {
			isa = XCBuildConfiguration;
			buildSettings = {
				ALWAYS_EMBED_SWIFT_STANDARD_LIBRARIES = YES;
				CODE_SIGN_STYLE = Automatic;
				CURRENT_PROJECT_VERSION = 1;
				DEVELOPMENT_TEAM = D7353U5P45;
				GENERATE_INFOPLIST_FILE = YES;
				MARKETING_VERSION = 1.0;
				PRODUCT_BUNDLE_IDENTIFIER = "pl.zawislak.Brawl-Stars-InsiderUITests";
				PRODUCT_NAME = "$(TARGET_NAME)";
				SWIFT_EMIT_LOC_STRINGS = NO;
				SWIFT_VERSION = 5.0;
				TARGETED_DEVICE_FAMILY = "1,2";
				TEST_TARGET_NAME = "Brawl Stars Insider";
			};
			name = Debug;
		};
		7A323CC7299B940100E61906 /* Release */ = {
			isa = XCBuildConfiguration;
			buildSettings = {
				ALWAYS_EMBED_SWIFT_STANDARD_LIBRARIES = YES;
				CODE_SIGN_STYLE = Automatic;
				CURRENT_PROJECT_VERSION = 1;
				DEVELOPMENT_TEAM = D7353U5P45;
				GENERATE_INFOPLIST_FILE = YES;
				MARKETING_VERSION = 1.0;
				PRODUCT_BUNDLE_IDENTIFIER = "pl.zawislak.Brawl-Stars-InsiderUITests";
				PRODUCT_NAME = "$(TARGET_NAME)";
				SWIFT_EMIT_LOC_STRINGS = NO;
				SWIFT_VERSION = 5.0;
				TARGETED_DEVICE_FAMILY = "1,2";
				TEST_TARGET_NAME = "Brawl Stars Insider";
			};
			name = Release;
		};
/* End XCBuildConfiguration section */

/* Begin XCConfigurationList section */
		7A323C96299B940000E61906 /* Build configuration list for PBXProject "Brawl Stars Insider" */ = {
			isa = XCConfigurationList;
			buildConfigurations = (
				7A323CBD299B940100E61906 /* Debug */,
				7A323CBE299B940100E61906 /* Release */,
			);
			defaultConfigurationIsVisible = 0;
			defaultConfigurationName = Release;
		};
		7A323CBF299B940100E61906 /* Build configuration list for PBXNativeTarget "Brawl Stars Insider" */ = {
			isa = XCConfigurationList;
			buildConfigurations = (
				7A323CC0299B940100E61906 /* Debug */,
				7A323CC1299B940100E61906 /* Release */,
			);
			defaultConfigurationIsVisible = 0;
			defaultConfigurationName = Release;
		};
		7A323CC2299B940100E61906 /* Build configuration list for PBXNativeTarget "Brawl Stars InsiderTests" */ = {
			isa = XCConfigurationList;
			buildConfigurations = (
				7A323CC3299B940100E61906 /* Debug */,
				7A323CC4299B940100E61906 /* Release */,
			);
			defaultConfigurationIsVisible = 0;
			defaultConfigurationName = Release;
		};
		7A323CC5299B940100E61906 /* Build configuration list for PBXNativeTarget "Brawl Stars InsiderUITests" */ = {
			isa = XCConfigurationList;
			buildConfigurations = (
				7A323CC6299B940100E61906 /* Debug */,
				7A323CC7299B940100E61906 /* Release */,
			);
			defaultConfigurationIsVisible = 0;
			defaultConfigurationName = Release;
		};
/* End XCConfigurationList section */
	};
	rootObject = 7A323C93299B940000E61906 /* Project object */;
}
